// !$*UTF8*$!
{
	archiveVersion = 1;
	classes = {
	};
	objectVersion = 56;
	objects = {

/* Begin PBXBuildFile section */
		620650542C60F6FD001CFA8E /* CoreDataManager.swift in Sources */ = {isa = PBXBuildFile; fileRef = 620650532C60F6FD001CFA8E /* CoreDataManager.swift */; };
		620650582C6104BE001CFA8E /* ThoughtCell.swift in Sources */ = {isa = PBXBuildFile; fileRef = 620650572C6104BE001CFA8E /* ThoughtCell.swift */; };
		6206505B2C611D83001CFA8E /* Thought.xcdatamodeld in Sources */ = {isa = PBXBuildFile; fileRef = 620650592C611D83001CFA8E /* Thought.xcdatamodeld */; };
		6206505F2C611DD0001CFA8E /* Thought.swift in Sources */ = {isa = PBXBuildFile; fileRef = 6206505D2C611DD0001CFA8E /* Thought.swift */; };
		62169BFB2CC15C1400D968F0 /* GoogleService-Info.plist in Resources */ = {isa = PBXBuildFile; fileRef = 62169BFA2CC15C1400D968F0 /* GoogleService-Info.plist */; };
		62212D232C52700B0083C4E8 /* FirebaseManager.swift in Sources */ = {isa = PBXBuildFile; fileRef = 62212D222C52700B0083C4E8 /* FirebaseManager.swift */; };
		6237E2782C1896AD00F3CE36 /* AppDelegate.swift in Sources */ = {isa = PBXBuildFile; fileRef = 6237E2772C1896AD00F3CE36 /* AppDelegate.swift */; };
		6237E27A2C1896AD00F3CE36 /* SceneDelegate.swift in Sources */ = {isa = PBXBuildFile; fileRef = 6237E2792C1896AD00F3CE36 /* SceneDelegate.swift */; };
		6237E2842C1896AF00F3CE36 /* Assets.xcassets in Resources */ = {isa = PBXBuildFile; fileRef = 6237E2832C1896AF00F3CE36 /* Assets.xcassets */; };
		6237E2872C1896AF00F3CE36 /* Base in Resources */ = {isa = PBXBuildFile; fileRef = 6237E2862C1896AF00F3CE36 /* Base */; };
		623A40D42C415C5F00FB63C5 /* LoginView.swift in Sources */ = {isa = PBXBuildFile; fileRef = 623A40D32C415C5F00FB63C5 /* LoginView.swift */; };
		623A40D62C415CD000FB63C5 /* RegistraionView.swift in Sources */ = {isa = PBXBuildFile; fileRef = 623A40D52C415CD000FB63C5 /* RegistraionView.swift */; };
		623A40D82C415D5800FB63C5 /* UIView.ext.swift in Sources */ = {isa = PBXBuildFile; fileRef = 623A40D72C415D5800FB63C5 /* UIView.ext.swift */; };
		6254D2D52C243E2500717A9A /* Resources.swift in Sources */ = {isa = PBXBuildFile; fileRef = 6254D2D42C243E2500717A9A /* Resources.swift */; };
		62599F912C5B90F600DE28C8 /* UIImageView.ext.swift in Sources */ = {isa = PBXBuildFile; fileRef = 62599F902C5B90F600DE28C8 /* UIImageView.ext.swift */; };
		62599F992C5B9DAC00DE28C8 /* TabBarPresenter.swift in Sources */ = {isa = PBXBuildFile; fileRef = 62599F982C5B9DAB00DE28C8 /* TabBarPresenter.swift */; };
		62599F9B2C5B9F2600DE28C8 /* ProgressView.swift in Sources */ = {isa = PBXBuildFile; fileRef = 62599F9A2C5B9F2600DE28C8 /* ProgressView.swift */; };
		62599FA12C5BB57800DE28C8 /* TabItem.swift in Sources */ = {isa = PBXBuildFile; fileRef = 62599FA02C5BB57800DE28C8 /* TabItem.swift */; };
		62599FA72C5BBE3D00DE28C8 /* TabBarItem.swift in Sources */ = {isa = PBXBuildFile; fileRef = 62599FA62C5BBE3D00DE28C8 /* TabBarItem.swift */; };
		62599FAA2C5BD49800DE28C8 /* TabView.swift in Sources */ = {isa = PBXBuildFile; fileRef = 62599FA92C5BD49800DE28C8 /* TabView.swift */; };
		629DEB3F2CBE871D00356361 /* FirebaseAuth in Frameworks */ = {isa = PBXBuildFile; productRef = 629DEB3E2CBE871D00356361 /* FirebaseAuth */; };
		629DEB412CBE871D00356361 /* FirebaseCore in Frameworks */ = {isa = PBXBuildFile; productRef = 629DEB402CBE871D00356361 /* FirebaseCore */; };
		629DEB432CBE871D00356361 /* FirebaseDatabase in Frameworks */ = {isa = PBXBuildFile; productRef = 629DEB422CBE871D00356361 /* FirebaseDatabase */; };
		629DEB452CBE871D00356361 /* FirebaseFirestore in Frameworks */ = {isa = PBXBuildFile; productRef = 629DEB442CBE871D00356361 /* FirebaseFirestore */; };
		629DEB472CBE871D00356361 /* FirebaseStorage in Frameworks */ = {isa = PBXBuildFile; productRef = 629DEB462CBE871D00356361 /* FirebaseStorage */; };
		629DEB4A2CBE872B00356361 /* Kingfisher in Frameworks */ = {isa = PBXBuildFile; productRef = 629DEB492CBE872B00356361 /* Kingfisher */; };
		629DEB4D2CBE873700356361 /* GoogleSignIn in Frameworks */ = {isa = PBXBuildFile; productRef = 629DEB4C2CBE873700356361 /* GoogleSignIn */; };
		629DEB4F2CBE873700356361 /* GoogleSignInSwift in Frameworks */ = {isa = PBXBuildFile; productRef = 629DEB4E2CBE873700356361 /* GoogleSignInSwift */; };
		629DEB532CBE9BD300356361 /* Profile.swift in Sources */ = {isa = PBXBuildFile; fileRef = 629DEB522CBE9BD300356361 /* Profile.swift */; };
		629DEB552CBE9C3400356361 /* BreathModel.swift in Sources */ = {isa = PBXBuildFile; fileRef = 629DEB542CBE9C3400356361 /* BreathModel.swift */; };
		629DEB5B2CBED1E200356361 /* AuthManager.swift in Sources */ = {isa = PBXBuildFile; fileRef = 629DEB5A2CBED1E200356361 /* AuthManager.swift */; };
		62A0614B2C493D0C00A896AB /* UIStackView.ext.swift in Sources */ = {isa = PBXBuildFile; fileRef = 62A0614A2C493D0C00A896AB /* UIStackView.ext.swift */; };
		62A0614D2C49433A00A896AB /* TextField.swift in Sources */ = {isa = PBXBuildFile; fileRef = 62A0614C2C49433A00A896AB /* TextField.swift */; };
		62A061512C49467400A896AB /* MainButton.swift in Sources */ = {isa = PBXBuildFile; fileRef = 62A061502C49467400A896AB /* MainButton.swift */; };
		62A061532C494D6B00A896AB /* BottomButton.swift in Sources */ = {isa = PBXBuildFile; fileRef = 62A061522C494D6B00A896AB /* BottomButton.swift */; };
		62A061552C49612B00A896AB /* GoogleButton.swift in Sources */ = {isa = PBXBuildFile; fileRef = 62A061542C49612B00A896AB /* GoogleButton.swift */; };
		62B640FF2C5A6B4700996411 /* MainModel.swift in Sources */ = {isa = PBXBuildFile; fileRef = 62B640FE2C5A6B4700996411 /* MainModel.swift */; };
		62B641012C5A6E4200996411 /* CategoryDetailView.swift in Sources */ = {isa = PBXBuildFile; fileRef = 62B641002C5A6E4200996411 /* CategoryDetailView.swift */; };
		62B641032C5A6E5900996411 /* CategoryDetailViewPresenter.swift in Sources */ = {isa = PBXBuildFile; fileRef = 62B641022C5A6E5900996411 /* CategoryDetailViewPresenter.swift */; };
		62B6410A2C5A6F0400996411 /* CategoryDetailModel.swift in Sources */ = {isa = PBXBuildFile; fileRef = 62B641092C5A6F0400996411 /* CategoryDetailModel.swift */; };
		62B641102C5A904700996411 /* TabBarView.swift in Sources */ = {isa = PBXBuildFile; fileRef = 62B6410F2C5A904700996411 /* TabBarView.swift */; };
		62B97D782C43D46700E0FB2B /* Localizable.strings in Resources */ = {isa = PBXBuildFile; fileRef = 62B97D762C43D46700E0FB2B /* Localizable.strings */; };
		62B97D7C2C43D48000E0FB2B /* String.ext.swift in Sources */ = {isa = PBXBuildFile; fileRef = 62B97D7B2C43D48000E0FB2B /* String.ext.swift */; };
		62C721632CBE8689009CDFC2 /* User.swift in Sources */ = {isa = PBXBuildFile; fileRef = 62C721622CBE8689009CDFC2 /* User.swift */; };
		62E8CCE72C2DA1DF00ED69E8 /* MainView.swift in Sources */ = {isa = PBXBuildFile; fileRef = 62E8CCE62C2DA1DF00ED69E8 /* MainView.swift */; };
		62E8CCE92C2DA47D00ED69E8 /* BreathView.swift in Sources */ = {isa = PBXBuildFile; fileRef = 62E8CCE82C2DA47D00ED69E8 /* BreathView.swift */; };
		62E8CCEB2C2DA49200ED69E8 /* ThoughtsView.swift in Sources */ = {isa = PBXBuildFile; fileRef = 62E8CCEA2C2DA49200ED69E8 /* ThoughtsView.swift */; };
		62E8CCED2C2DA4A900ED69E8 /* ProfileView.swift in Sources */ = {isa = PBXBuildFile; fileRef = 62E8CCEC2C2DA4A900ED69E8 /* ProfileView.swift */; };
		62F6FE3E2C46A8050084AC00 /* Builder.swift in Sources */ = {isa = PBXBuildFile; fileRef = 62F6FE3D2C46A8050084AC00 /* Builder.swift */; };
		62F6FE402C46A8D20084AC00 /* MainViewPresenter.swift in Sources */ = {isa = PBXBuildFile; fileRef = 62F6FE3F2C46A8D20084AC00 /* MainViewPresenter.swift */; };
		62F6FE462C46AD490084AC00 /* BreatViewPresenter.swift in Sources */ = {isa = PBXBuildFile; fileRef = 62F6FE452C46AD490084AC00 /* BreatViewPresenter.swift */; };
		62F6FE482C46AE820084AC00 /* ThoughtsViewPresenter.swift in Sources */ = {isa = PBXBuildFile; fileRef = 62F6FE472C46AE820084AC00 /* ThoughtsViewPresenter.swift */; };
		62F6FE4A2C46AF660084AC00 /* ProfileViewPresenter.swift in Sources */ = {isa = PBXBuildFile; fileRef = 62F6FE492C46AF660084AC00 /* ProfileViewPresenter.swift */; };
		62F6FE4C2C46B3F00084AC00 /* NSNotification.Name.ext.swift in Sources */ = {isa = PBXBuildFile; fileRef = 62F6FE4B2C46B3F00084AC00 /* NSNotification.Name.ext.swift */; };
		62F6FE4E2C46B4E10084AC00 /* LoginViewPresenter.swift in Sources */ = {isa = PBXBuildFile; fileRef = 62F6FE4D2C46B4E10084AC00 /* LoginViewPresenter.swift */; };
		62F6FE502C46B5CE0084AC00 /* RegistraionViewPresenter.swift in Sources */ = {isa = PBXBuildFile; fileRef = 62F6FE4F2C46B5CE0084AC00 /* RegistraionViewPresenter.swift */; };
		62F6FE522C46B7A10084AC00 /* Backgroundable.swift in Sources */ = {isa = PBXBuildFile; fileRef = 62F6FE512C46B7A10084AC00 /* Backgroundable.swift */; };
		62F6FE542C46CDD60084AC00 /* BaseAuthView.swift in Sources */ = {isa = PBXBuildFile; fileRef = 62F6FE532C46CDD60084AC00 /* BaseAuthView.swift */; };
		62FDB6A52C4FF4380095D4BA /* CollectionCell.swift in Sources */ = {isa = PBXBuildFile; fileRef = 62FDB6A42C4FF4380095D4BA /* CollectionCell.swift */; };
/* End PBXBuildFile section */

/* Begin PBXFileReference section */
		620650532C60F6FD001CFA8E /* CoreDataManager.swift */ = {isa = PBXFileReference; lastKnownFileType = sourcecode.swift; path = CoreDataManager.swift; sourceTree = "<group>"; };
		620650572C6104BE001CFA8E /* ThoughtCell.swift */ = {isa = PBXFileReference; lastKnownFileType = sourcecode.swift; path = ThoughtCell.swift; sourceTree = "<group>"; };
		6206505A2C611D83001CFA8E /* Thoght.xcdatamodel */ = {isa = PBXFileReference; lastKnownFileType = wrapper.xcdatamodel; path = Thoght.xcdatamodel; sourceTree = "<group>"; };
		6206505D2C611DD0001CFA8E /* Thought.swift */ = {isa = PBXFileReference; lastKnownFileType = sourcecode.swift; path = Thought.swift; sourceTree = "<group>"; };
		62169BFA2CC15C1400D968F0 /* GoogleService-Info.plist */ = {isa = PBXFileReference; lastKnownFileType = text.plist.xml; path = "GoogleService-Info.plist"; sourceTree = "<group>"; };
		62212D222C52700B0083C4E8 /* FirebaseManager.swift */ = {isa = PBXFileReference; lastKnownFileType = sourcecode.swift; path = FirebaseManager.swift; sourceTree = "<group>"; };
		6237E2742C1896AD00F3CE36 /* Harmony Hub.app */ = {isa = PBXFileReference; explicitFileType = wrapper.application; includeInIndex = 0; path = "Harmony Hub.app"; sourceTree = BUILT_PRODUCTS_DIR; };
		6237E2772C1896AD00F3CE36 /* AppDelegate.swift */ = {isa = PBXFileReference; lastKnownFileType = sourcecode.swift; path = AppDelegate.swift; sourceTree = "<group>"; };
		6237E2792C1896AD00F3CE36 /* SceneDelegate.swift */ = {isa = PBXFileReference; lastKnownFileType = sourcecode.swift; path = SceneDelegate.swift; sourceTree = "<group>"; };
		6237E2832C1896AF00F3CE36 /* Assets.xcassets */ = {isa = PBXFileReference; lastKnownFileType = folder.assetcatalog; path = Assets.xcassets; sourceTree = "<group>"; };
		6237E2862C1896AF00F3CE36 /* Base */ = {isa = PBXFileReference; lastKnownFileType = file.storyboard; name = Base; path = Base.lproj/LaunchScreen.storyboard; sourceTree = "<group>"; };
		6237E2882C1896AF00F3CE36 /* Info.plist */ = {isa = PBXFileReference; lastKnownFileType = text.plist.xml; path = Info.plist; sourceTree = "<group>"; };
		623A40D32C415C5F00FB63C5 /* LoginView.swift */ = {isa = PBXFileReference; lastKnownFileType = sourcecode.swift; path = LoginView.swift; sourceTree = "<group>"; };
		623A40D52C415CD000FB63C5 /* RegistraionView.swift */ = {isa = PBXFileReference; lastKnownFileType = sourcecode.swift; path = RegistraionView.swift; sourceTree = "<group>"; };
		623A40D72C415D5800FB63C5 /* UIView.ext.swift */ = {isa = PBXFileReference; lastKnownFileType = sourcecode.swift; path = UIView.ext.swift; sourceTree = "<group>"; };
		6254D2D42C243E2500717A9A /* Resources.swift */ = {isa = PBXFileReference; lastKnownFileType = sourcecode.swift; path = Resources.swift; sourceTree = "<group>"; };
		62599F902C5B90F600DE28C8 /* UIImageView.ext.swift */ = {isa = PBXFileReference; lastKnownFileType = sourcecode.swift; path = UIImageView.ext.swift; sourceTree = "<group>"; };
		62599F982C5B9DAB00DE28C8 /* TabBarPresenter.swift */ = {isa = PBXFileReference; lastKnownFileType = sourcecode.swift; path = TabBarPresenter.swift; sourceTree = "<group>"; };
		62599F9A2C5B9F2600DE28C8 /* ProgressView.swift */ = {isa = PBXFileReference; lastKnownFileType = sourcecode.swift; path = ProgressView.swift; sourceTree = "<group>"; };
		62599FA02C5BB57800DE28C8 /* TabItem.swift */ = {isa = PBXFileReference; lastKnownFileType = sourcecode.swift; path = TabItem.swift; sourceTree = "<group>"; };
		62599FA62C5BBE3D00DE28C8 /* TabBarItem.swift */ = {isa = PBXFileReference; lastKnownFileType = sourcecode.swift; path = TabBarItem.swift; sourceTree = "<group>"; };
		62599FA92C5BD49800DE28C8 /* TabView.swift */ = {isa = PBXFileReference; fileEncoding = 4; lastKnownFileType = sourcecode.swift; path = TabView.swift; sourceTree = "<group>"; };
		629DEB522CBE9BD300356361 /* Profile.swift */ = {isa = PBXFileReference; lastKnownFileType = sourcecode.swift; path = Profile.swift; sourceTree = "<group>"; };
		629DEB542CBE9C3400356361 /* BreathModel.swift */ = {isa = PBXFileReference; lastKnownFileType = sourcecode.swift; path = BreathModel.swift; sourceTree = "<group>"; };
		629DEB5A2CBED1E200356361 /* AuthManager.swift */ = {isa = PBXFileReference; lastKnownFileType = sourcecode.swift; path = AuthManager.swift; sourceTree = "<group>"; };
		62A0614A2C493D0C00A896AB /* UIStackView.ext.swift */ = {isa = PBXFileReference; lastKnownFileType = sourcecode.swift; path = UIStackView.ext.swift; sourceTree = "<group>"; };
		62A0614C2C49433A00A896AB /* TextField.swift */ = {isa = PBXFileReference; lastKnownFileType = sourcecode.swift; path = TextField.swift; sourceTree = "<group>"; };
		62A061502C49467400A896AB /* MainButton.swift */ = {isa = PBXFileReference; lastKnownFileType = sourcecode.swift; path = MainButton.swift; sourceTree = "<group>"; };
		62A061522C494D6B00A896AB /* BottomButton.swift */ = {isa = PBXFileReference; lastKnownFileType = sourcecode.swift; path = BottomButton.swift; sourceTree = "<group>"; };
		62A061542C49612B00A896AB /* GoogleButton.swift */ = {isa = PBXFileReference; lastKnownFileType = sourcecode.swift; path = GoogleButton.swift; sourceTree = "<group>"; };
		62B640FE2C5A6B4700996411 /* MainModel.swift */ = {isa = PBXFileReference; lastKnownFileType = sourcecode.swift; path = MainModel.swift; sourceTree = "<group>"; };
		62B641002C5A6E4200996411 /* CategoryDetailView.swift */ = {isa = PBXFileReference; lastKnownFileType = sourcecode.swift; path = CategoryDetailView.swift; sourceTree = "<group>"; };
		62B641022C5A6E5900996411 /* CategoryDetailViewPresenter.swift */ = {isa = PBXFileReference; lastKnownFileType = sourcecode.swift; path = CategoryDetailViewPresenter.swift; sourceTree = "<group>"; };
		62B641092C5A6F0400996411 /* CategoryDetailModel.swift */ = {isa = PBXFileReference; lastKnownFileType = sourcecode.swift; path = CategoryDetailModel.swift; sourceTree = "<group>"; };
		62B6410F2C5A904700996411 /* TabBarView.swift */ = {isa = PBXFileReference; lastKnownFileType = sourcecode.swift; path = TabBarView.swift; sourceTree = "<group>"; };
		62B97D772C43D46700E0FB2B /* en */ = {isa = PBXFileReference; lastKnownFileType = text.plist.strings; name = en; path = en.lproj/Localizable.strings; sourceTree = "<group>"; };
		62B97D792C43D47200E0FB2B /* ru */ = {isa = PBXFileReference; lastKnownFileType = text.plist.strings; name = ru; path = ru.lproj/LaunchScreen.strings; sourceTree = "<group>"; };
		62B97D7A2C43D47200E0FB2B /* ru */ = {isa = PBXFileReference; lastKnownFileType = text.plist.strings; name = ru; path = ru.lproj/Localizable.strings; sourceTree = "<group>"; };
		62B97D7B2C43D48000E0FB2B /* String.ext.swift */ = {isa = PBXFileReference; lastKnownFileType = sourcecode.swift; path = String.ext.swift; sourceTree = "<group>"; };
		62C721622CBE8689009CDFC2 /* User.swift */ = {isa = PBXFileReference; lastKnownFileType = sourcecode.swift; path = User.swift; sourceTree = "<group>"; };
		62E8CCE62C2DA1DF00ED69E8 /* MainView.swift */ = {isa = PBXFileReference; lastKnownFileType = sourcecode.swift; path = MainView.swift; sourceTree = "<group>"; };
		62E8CCE82C2DA47D00ED69E8 /* BreathView.swift */ = {isa = PBXFileReference; lastKnownFileType = sourcecode.swift; path = BreathView.swift; sourceTree = "<group>"; };
		62E8CCEA2C2DA49200ED69E8 /* ThoughtsView.swift */ = {isa = PBXFileReference; lastKnownFileType = sourcecode.swift; path = ThoughtsView.swift; sourceTree = "<group>"; };
		62E8CCEC2C2DA4A900ED69E8 /* ProfileView.swift */ = {isa = PBXFileReference; lastKnownFileType = sourcecode.swift; path = ProfileView.swift; sourceTree = "<group>"; };
		62F6FE3D2C46A8050084AC00 /* Builder.swift */ = {isa = PBXFileReference; lastKnownFileType = sourcecode.swift; path = Builder.swift; sourceTree = "<group>"; };
		62F6FE3F2C46A8D20084AC00 /* MainViewPresenter.swift */ = {isa = PBXFileReference; lastKnownFileType = sourcecode.swift; path = MainViewPresenter.swift; sourceTree = "<group>"; };
		62F6FE452C46AD490084AC00 /* BreatViewPresenter.swift */ = {isa = PBXFileReference; lastKnownFileType = sourcecode.swift; path = BreatViewPresenter.swift; sourceTree = "<group>"; };
		62F6FE472C46AE820084AC00 /* ThoughtsViewPresenter.swift */ = {isa = PBXFileReference; lastKnownFileType = sourcecode.swift; path = ThoughtsViewPresenter.swift; sourceTree = "<group>"; };
		62F6FE492C46AF660084AC00 /* ProfileViewPresenter.swift */ = {isa = PBXFileReference; lastKnownFileType = sourcecode.swift; path = ProfileViewPresenter.swift; sourceTree = "<group>"; };
		62F6FE4B2C46B3F00084AC00 /* NSNotification.Name.ext.swift */ = {isa = PBXFileReference; lastKnownFileType = sourcecode.swift; path = NSNotification.Name.ext.swift; sourceTree = "<group>"; };
		62F6FE4D2C46B4E10084AC00 /* LoginViewPresenter.swift */ = {isa = PBXFileReference; lastKnownFileType = sourcecode.swift; path = LoginViewPresenter.swift; sourceTree = "<group>"; };
		62F6FE4F2C46B5CE0084AC00 /* RegistraionViewPresenter.swift */ = {isa = PBXFileReference; lastKnownFileType = sourcecode.swift; path = RegistraionViewPresenter.swift; sourceTree = "<group>"; };
		62F6FE512C46B7A10084AC00 /* Backgroundable.swift */ = {isa = PBXFileReference; lastKnownFileType = sourcecode.swift; path = Backgroundable.swift; sourceTree = "<group>"; };
		62F6FE532C46CDD60084AC00 /* BaseAuthView.swift */ = {isa = PBXFileReference; lastKnownFileType = sourcecode.swift; path = BaseAuthView.swift; sourceTree = "<group>"; };
		62FDB6A42C4FF4380095D4BA /* CollectionCell.swift */ = {isa = PBXFileReference; lastKnownFileType = sourcecode.swift; path = CollectionCell.swift; sourceTree = "<group>"; };
/* End PBXFileReference section */

/* Begin PBXFrameworksBuildPhase section */
		6237E2712C1896AD00F3CE36 /* Frameworks */ = {
			isa = PBXFrameworksBuildPhase;
			buildActionMask = 2147483647;
			files = (
				629DEB4A2CBE872B00356361 /* Kingfisher in Frameworks */,
				629DEB432CBE871D00356361 /* FirebaseDatabase in Frameworks */,
				629DEB452CBE871D00356361 /* FirebaseFirestore in Frameworks */,
				629DEB4F2CBE873700356361 /* GoogleSignInSwift in Frameworks */,
				629DEB412CBE871D00356361 /* FirebaseCore in Frameworks */,
				629DEB472CBE871D00356361 /* FirebaseStorage in Frameworks */,
				629DEB3F2CBE871D00356361 /* FirebaseAuth in Frameworks */,
				629DEB4D2CBE873700356361 /* GoogleSignIn in Frameworks */,
			);
			runOnlyForDeploymentPostprocessing = 0;
		};
/* End PBXFrameworksBuildPhase section */

/* Begin PBXGroup section */
		620F6F5F2C23BB12005E0A18 /* Extensions */ = {
			isa = PBXGroup;
			children = (
				62B97D7B2C43D48000E0FB2B /* String.ext.swift */,
				623A40D72C415D5800FB63C5 /* UIView.ext.swift */,
				62F6FE4B2C46B3F00084AC00 /* NSNotification.Name.ext.swift */,
				62A0614A2C493D0C00A896AB /* UIStackView.ext.swift */,
				62599F902C5B90F600DE28C8 /* UIImageView.ext.swift */,
			);
			path = Extensions;
			sourceTree = "<group>";
		};
		62169BF72CC1365700D968F0 /* Base */ = {
			isa = PBXGroup;
			children = (
				62F6FE532C46CDD60084AC00 /* BaseAuthView.swift */,
			);
			path = Base;
			sourceTree = "<group>";
		};
		6237E26B2C1896AD00F3CE36 = {
			isa = PBXGroup;
			children = (
				6237E2762C1896AD00F3CE36 /* Harmony Hub */,
				6237E2752C1896AD00F3CE36 /* Products */,
				6237E2942C189CBB00F3CE36 /* Frameworks */,
			);
			sourceTree = "<group>";
		};
		6237E2752C1896AD00F3CE36 /* Products */ = {
			isa = PBXGroup;
			children = (
				6237E2742C1896AD00F3CE36 /* Harmony Hub.app */,
			);
			name = Products;
			sourceTree = "<group>";
		};
		6237E2762C1896AD00F3CE36 /* Harmony Hub */ = {
			isa = PBXGroup;
			children = (
				6237E28F2C1897CC00F3CE36 /* Application */,
				620F6F5F2C23BB12005E0A18 /* Extensions */,
				62F6FE552C46D0780084AC00 /* Mangers */,
				62CAE6EA2C4ABBD600B98F3D /* Common */,
				62807DFC2C22F2C5004A829E /* Modules */,
				6237E28E2C1897B600F3CE36 /* Supporting Files */,
			);
			path = "Harmony Hub";
			sourceTree = "<group>";
		};
		6237E28E2C1897B600F3CE36 /* Supporting Files */ = {
			isa = PBXGroup;
			children = (
				62169BFA2CC15C1400D968F0 /* GoogleService-Info.plist */,
				6237E2852C1896AF00F3CE36 /* LaunchScreen.storyboard */,
				62B97D752C43D40900E0FB2B /* Localizable */,
				6254D2D42C243E2500717A9A /* Resources.swift */,
				6237E2832C1896AF00F3CE36 /* Assets.xcassets */,
				6237E2882C1896AF00F3CE36 /* Info.plist */,
			);
			path = "Supporting Files";
			sourceTree = "<group>";
		};
		6237E28F2C1897CC00F3CE36 /* Application */ = {
			isa = PBXGroup;
			children = (
				6237E2772C1896AD00F3CE36 /* AppDelegate.swift */,
				6237E2792C1896AD00F3CE36 /* SceneDelegate.swift */,
			);
			path = Application;
			sourceTree = "<group>";
		};
		6237E2942C189CBB00F3CE36 /* Frameworks */ = {
			isa = PBXGroup;
			children = (
			);
			name = Frameworks;
			sourceTree = "<group>";
		};
		623A40D22C415C4E00FB63C5 /* Auth */ = {
			isa = PBXGroup;
			children = (
				62169BF72CC1365700D968F0 /* Base */,
				62C721612CBE867A009CDFC2 /* Model */,
				62B97D7D2C4405E400E0FB2B /* Login */,
				62B97D7E2C4405F200E0FB2B /* Registration */,
			);
			path = Auth;
			sourceTree = "<group>";
		};
		623A40D92C415DAF00FB63C5 /* Main */ = {
			isa = PBXGroup;
			children = (
				623A40E72C415F9E00FB63C5 /* Model */,
				623A40DF2C415E0E00FB63C5 /* View */,
				623A40E82C415FA700FB63C5 /* Presenter */,
				62B641052C5A6E7C00996411 /* CtegoryDetail */,
			);
			path = Main;
			sourceTree = "<group>";
		};
		623A40DA2C415DB400FB63C5 /* Breath */ = {
			isa = PBXGroup;
			children = (
				629DEB562CBE9C3900356361 /* Model */,
				623A40E02C415E1800FB63C5 /* View */,
				623A40EA2C415FB400FB63C5 /* Presenter */,
			);
			path = Breath;
			sourceTree = "<group>";
		};
		623A40DB2C415DC800FB63C5 /* Thoughts */ = {
			isa = PBXGroup;
			children = (
				625074C92C60EC3400C791CF /* Model */,
				623A40E12C415E1E00FB63C5 /* View */,
				623A40EC2C415FBF00FB63C5 /* Presenter */,
			);
			path = Thoughts;
			sourceTree = "<group>";
		};
		623A40DC2C415DD400FB63C5 /* Profile */ = {
			isa = PBXGroup;
			children = (
				629DEB512CBE9BC100356361 /* Model */,
				623A40E22C415E2E00FB63C5 /* View */,
				623A40EE2C415FCA00FB63C5 /* Presenter */,
			);
			path = Profile;
			sourceTree = "<group>";
		};
		623A40DD2C415DEC00FB63C5 /* Views */ = {
			isa = PBXGroup;
			children = (
				623A40D32C415C5F00FB63C5 /* LoginView.swift */,
			);
			path = Views;
			sourceTree = "<group>";
		};
		623A40DF2C415E0E00FB63C5 /* View */ = {
			isa = PBXGroup;
			children = (
				62E8CCE62C2DA1DF00ED69E8 /* MainView.swift */,
			);
			path = View;
			sourceTree = "<group>";
		};
		623A40E02C415E1800FB63C5 /* View */ = {
			isa = PBXGroup;
			children = (
				62E8CCE82C2DA47D00ED69E8 /* BreathView.swift */,
			);
			path = View;
			sourceTree = "<group>";
		};
		623A40E12C415E1E00FB63C5 /* View */ = {
			isa = PBXGroup;
			children = (
				62E8CCEA2C2DA49200ED69E8 /* ThoughtsView.swift */,
			);
			path = View;
			sourceTree = "<group>";
		};
		623A40E22C415E2E00FB63C5 /* View */ = {
			isa = PBXGroup;
			children = (
				62E8CCEC2C2DA4A900ED69E8 /* ProfileView.swift */,
			);
			path = View;
			sourceTree = "<group>";
		};
		623A40E42C415F7900FB63C5 /* Presenter */ = {
			isa = PBXGroup;
			children = (
				62F6FE4D2C46B4E10084AC00 /* LoginViewPresenter.swift */,
			);
			path = Presenter;
			sourceTree = "<group>";
		};
		623A40E72C415F9E00FB63C5 /* Model */ = {
			isa = PBXGroup;
			children = (
				62B640FE2C5A6B4700996411 /* MainModel.swift */,
			);
			path = Model;
			sourceTree = "<group>";
		};
		623A40E82C415FA700FB63C5 /* Presenter */ = {
			isa = PBXGroup;
			children = (
				62F6FE3F2C46A8D20084AC00 /* MainViewPresenter.swift */,
			);
			path = Presenter;
			sourceTree = "<group>";
		};
		623A40EA2C415FB400FB63C5 /* Presenter */ = {
			isa = PBXGroup;
			children = (
				62F6FE452C46AD490084AC00 /* BreatViewPresenter.swift */,
			);
			path = Presenter;
			sourceTree = "<group>";
		};
		623A40EC2C415FBF00FB63C5 /* Presenter */ = {
			isa = PBXGroup;
			children = (
				62F6FE472C46AE820084AC00 /* ThoughtsViewPresenter.swift */,
			);
			path = Presenter;
			sourceTree = "<group>";
		};
		623A40EE2C415FCA00FB63C5 /* Presenter */ = {
			isa = PBXGroup;
			children = (
				62F6FE492C46AF660084AC00 /* ProfileViewPresenter.swift */,
			);
			path = Presenter;
			sourceTree = "<group>";
		};
		625074C92C60EC3400C791CF /* Model */ = {
			isa = PBXGroup;
			children = (
				6206505D2C611DD0001CFA8E /* Thought.swift */,
				620650592C611D83001CFA8E /* Thought.xcdatamodeld */,
			);
			path = Model;
			sourceTree = "<group>";
		};
		6254D2D12C243C0400717A9A /* TabBar */ = {
			isa = PBXGroup;
			children = (
				62599F9F2C5BB56900DE28C8 /* Model */,
				62599F962C5B9D1F00DE28C8 /* View */,
				62599F972C5B9D2600DE28C8 /* Presenter */,
			);
			path = TabBar;
			sourceTree = "<group>";
		};
		62599F962C5B9D1F00DE28C8 /* View */ = {
			isa = PBXGroup;
			children = (
				62B6410F2C5A904700996411 /* TabBarView.swift */,
			);
			path = View;
			sourceTree = "<group>";
		};
		62599F972C5B9D2600DE28C8 /* Presenter */ = {
			isa = PBXGroup;
			children = (
				62599F982C5B9DAB00DE28C8 /* TabBarPresenter.swift */,
			);
			path = Presenter;
			sourceTree = "<group>";
		};
		62599F9F2C5BB56900DE28C8 /* Model */ = {
			isa = PBXGroup;
			children = (
				62599FA02C5BB57800DE28C8 /* TabItem.swift */,
			);
			path = Model;
			sourceTree = "<group>";
		};
		62807DFC2C22F2C5004A829E /* Modules */ = {
			isa = PBXGroup;
			children = (
				62F6FE3C2C46A7E30084AC00 /* Builder */,
				623A40D22C415C4E00FB63C5 /* Auth */,
				62B97D822C44065000E0FB2B /* App */,
			);
			path = Modules;
			sourceTree = "<group>";
		};
		629DEB512CBE9BC100356361 /* Model */ = {
			isa = PBXGroup;
			children = (
				629DEB522CBE9BD300356361 /* Profile.swift */,
			);
			path = Model;
			sourceTree = "<group>";
		};
		629DEB562CBE9C3900356361 /* Model */ = {
			isa = PBXGroup;
			children = (
				629DEB542CBE9C3400356361 /* BreathModel.swift */,
			);
			path = Model;
			sourceTree = "<group>";
		};
		629DEB572CBE9F5200356361 /* Protocols */ = {
			isa = PBXGroup;
			children = (
				62F6FE512C46B7A10084AC00 /* Backgroundable.swift */,
			);
			path = Protocols;
			sourceTree = "<group>";
		};
		629DEB582CBE9F5E00356361 /* ProgressView */ = {
			isa = PBXGroup;
			children = (
				62599F9A2C5B9F2600DE28C8 /* ProgressView.swift */,
			);
			path = ProgressView;
			sourceTree = "<group>";
		};
		629DEB592CBE9F6600356361 /* TextField */ = {
			isa = PBXGroup;
			children = (
				62A0614C2C49433A00A896AB /* TextField.swift */,
			);
			path = TextField;
			sourceTree = "<group>";
		};
		62B641052C5A6E7C00996411 /* CtegoryDetail */ = {
			isa = PBXGroup;
			children = (
				62B641082C5A6E9D00996411 /* Model */,
				62B641072C5A6E9800996411 /* View */,
				62B641062C5A6E8B00996411 /* Presenter */,
			);
			path = CtegoryDetail;
			sourceTree = "<group>";
		};
		62B641062C5A6E8B00996411 /* Presenter */ = {
			isa = PBXGroup;
			children = (
				62B641022C5A6E5900996411 /* CategoryDetailViewPresenter.swift */,
			);
			path = Presenter;
			sourceTree = "<group>";
		};
		62B641072C5A6E9800996411 /* View */ = {
			isa = PBXGroup;
			children = (
				62B641002C5A6E4200996411 /* CategoryDetailView.swift */,
			);
			path = View;
			sourceTree = "<group>";
		};
		62B641082C5A6E9D00996411 /* Model */ = {
			isa = PBXGroup;
			children = (
				62B641092C5A6F0400996411 /* CategoryDetailModel.swift */,
			);
			path = Model;
			sourceTree = "<group>";
		};
		62B6410C2C5A8FF400996411 /* Buttons */ = {
			isa = PBXGroup;
			children = (
				62A061502C49467400A896AB /* MainButton.swift */,
				62A061522C494D6B00A896AB /* BottomButton.swift */,
				62A061542C49612B00A896AB /* GoogleButton.swift */,
			);
			path = Buttons;
			sourceTree = "<group>";
		};
		62B6410D2C5A900E00996411 /* Cells */ = {
			isa = PBXGroup;
			children = (
				62FDB6A42C4FF4380095D4BA /* CollectionCell.swift */,
				620650572C6104BE001CFA8E /* ThoughtCell.swift */,
			);
			path = Cells;
			sourceTree = "<group>";
		};
		62B6410E2C5A902900996411 /* TabBar */ = {
			isa = PBXGroup;
			children = (
				62599FA92C5BD49800DE28C8 /* TabView.swift */,
				62599FA62C5BBE3D00DE28C8 /* TabBarItem.swift */,
			);
			path = TabBar;
			sourceTree = "<group>";
		};
		62B97D752C43D40900E0FB2B /* Localizable */ = {
			isa = PBXGroup;
			children = (
				62B97D762C43D46700E0FB2B /* Localizable.strings */,
			);
			path = Localizable;
			sourceTree = "<group>";
		};
		62B97D7D2C4405E400E0FB2B /* Login */ = {
			isa = PBXGroup;
			children = (
				623A40DD2C415DEC00FB63C5 /* Views */,
				623A40E42C415F7900FB63C5 /* Presenter */,
			);
			path = Login;
			sourceTree = "<group>";
		};
		62B97D7E2C4405F200E0FB2B /* Registration */ = {
			isa = PBXGroup;
			children = (
				62B97D802C44060D00E0FB2B /* View */,
				62B97D7F2C44060500E0FB2B /* Presenter */,
			);
			path = Registration;
			sourceTree = "<group>";
		};
		62B97D7F2C44060500E0FB2B /* Presenter */ = {
			isa = PBXGroup;
			children = (
				62F6FE4F2C46B5CE0084AC00 /* RegistraionViewPresenter.swift */,
			);
			path = Presenter;
			sourceTree = "<group>";
		};
		62B97D802C44060D00E0FB2B /* View */ = {
			isa = PBXGroup;
			children = (
				623A40D52C415CD000FB63C5 /* RegistraionView.swift */,
			);
			path = View;
			sourceTree = "<group>";
		};
		62B97D822C44065000E0FB2B /* App */ = {
			isa = PBXGroup;
			children = (
				6254D2D12C243C0400717A9A /* TabBar */,
				623A40D92C415DAF00FB63C5 /* Main */,
				623A40DA2C415DB400FB63C5 /* Breath */,
				623A40DB2C415DC800FB63C5 /* Thoughts */,
				623A40DC2C415DD400FB63C5 /* Profile */,
			);
			path = App;
			sourceTree = "<group>";
		};
		62C721612CBE867A009CDFC2 /* Model */ = {
			isa = PBXGroup;
			children = (
				62C721622CBE8689009CDFC2 /* User.swift */,
			);
			path = Model;
			sourceTree = "<group>";
		};
		62CAE6EA2C4ABBD600B98F3D /* Common */ = {
			isa = PBXGroup;
			children = (
				62B6410E2C5A902900996411 /* TabBar */,
				62B6410D2C5A900E00996411 /* Cells */,
				62B6410C2C5A8FF400996411 /* Buttons */,
				629DEB572CBE9F5200356361 /* Protocols */,
				629DEB582CBE9F5E00356361 /* ProgressView */,
				629DEB592CBE9F6600356361 /* TextField */,
			);
			path = Common;
			sourceTree = "<group>";
		};
		62F6FE3C2C46A7E30084AC00 /* Builder */ = {
			isa = PBXGroup;
			children = (
				62F6FE3D2C46A8050084AC00 /* Builder.swift */,
			);
			path = Builder;
			sourceTree = "<group>";
		};
		62F6FE552C46D0780084AC00 /* Mangers */ = {
			isa = PBXGroup;
			children = (
				629DEB5A2CBED1E200356361 /* AuthManager.swift */,
				62212D222C52700B0083C4E8 /* FirebaseManager.swift */,
				620650532C60F6FD001CFA8E /* CoreDataManager.swift */,
			);
			path = Mangers;
			sourceTree = "<group>";
		};
/* End PBXGroup section */

/* Begin PBXNativeTarget section */
		6237E2732C1896AD00F3CE36 /* Harmony Hub */ = {
			isa = PBXNativeTarget;
			buildConfigurationList = 6237E28B2C1896AF00F3CE36 /* Build configuration list for PBXNativeTarget "Harmony Hub" */;
			buildPhases = (
				6237E2702C1896AD00F3CE36 /* Sources */,
				6237E2712C1896AD00F3CE36 /* Frameworks */,
				6237E2722C1896AD00F3CE36 /* Resources */,
			);
			buildRules = (
			);
			dependencies = (
			);
			name = "Harmony Hub";
			packageProductDependencies = (
				629DEB3E2CBE871D00356361 /* FirebaseAuth */,
				629DEB402CBE871D00356361 /* FirebaseCore */,
				629DEB422CBE871D00356361 /* FirebaseDatabase */,
				629DEB442CBE871D00356361 /* FirebaseFirestore */,
				629DEB462CBE871D00356361 /* FirebaseStorage */,
				629DEB492CBE872B00356361 /* Kingfisher */,
				629DEB4C2CBE873700356361 /* GoogleSignIn */,
				629DEB4E2CBE873700356361 /* GoogleSignInSwift */,
			);
			productName = "Harmony Hub";
			productReference = 6237E2742C1896AD00F3CE36 /* Harmony Hub.app */;
			productType = "com.apple.product-type.application";
		};
/* End PBXNativeTarget section */

/* Begin PBXProject section */
		6237E26C2C1896AD00F3CE36 /* Project object */ = {
			isa = PBXProject;
			attributes = {
				BuildIndependentTargetsInParallel = 1;
				LastSwiftUpdateCheck = 1540;
				LastUpgradeCheck = 1540;
				TargetAttributes = {
					6237E2732C1896AD00F3CE36 = {
						CreatedOnToolsVersion = 15.4;
					};
				};
			};
			buildConfigurationList = 6237E26F2C1896AD00F3CE36 /* Build configuration list for PBXProject "Harmony Hub" */;
			compatibilityVersion = "Xcode 14.0";
			developmentRegion = en;
			hasScannedForEncodings = 0;
			knownRegions = (
				en,
				Base,
				ru,
			);
			mainGroup = 6237E26B2C1896AD00F3CE36;
			packageReferences = (
				629DEB3D2CBE871D00356361 /* XCRemoteSwiftPackageReference "firebase-ios-sdk" */,
				629DEB482CBE872B00356361 /* XCRemoteSwiftPackageReference "Kingfisher" */,
				629DEB4B2CBE873700356361 /* XCRemoteSwiftPackageReference "GoogleSignIn-iOS" */,
			);
			productRefGroup = 6237E2752C1896AD00F3CE36 /* Products */;
			projectDirPath = "";
			projectRoot = "";
			targets = (
				6237E2732C1896AD00F3CE36 /* Harmony Hub */,
			);
		};
/* End PBXProject section */

/* Begin PBXResourcesBuildPhase section */
		6237E2722C1896AD00F3CE36 /* Resources */ = {
			isa = PBXResourcesBuildPhase;
			buildActionMask = 2147483647;
			files = (
				62169BFB2CC15C1400D968F0 /* GoogleService-Info.plist in Resources */,
				6237E2842C1896AF00F3CE36 /* Assets.xcassets in Resources */,
				62B97D782C43D46700E0FB2B /* Localizable.strings in Resources */,
				6237E2872C1896AF00F3CE36 /* Base in Resources */,
			);
			runOnlyForDeploymentPostprocessing = 0;
		};
/* End PBXResourcesBuildPhase section */

/* Begin PBXSourcesBuildPhase section */
		6237E2702C1896AD00F3CE36 /* Sources */ = {
			isa = PBXSourcesBuildPhase;
			buildActionMask = 2147483647;
			files = (
				62F6FE402C46A8D20084AC00 /* MainViewPresenter.swift in Sources */,
				6237E2782C1896AD00F3CE36 /* AppDelegate.swift in Sources */,
				62B640FF2C5A6B4700996411 /* MainModel.swift in Sources */,
				629DEB532CBE9BD300356361 /* Profile.swift in Sources */,
				62B641012C5A6E4200996411 /* CategoryDetailView.swift in Sources */,
				62A0614D2C49433A00A896AB /* TextField.swift in Sources */,
				62E8CCE72C2DA1DF00ED69E8 /* MainView.swift in Sources */,
				62599FA12C5BB57800DE28C8 /* TabItem.swift in Sources */,
				62F6FE4E2C46B4E10084AC00 /* LoginViewPresenter.swift in Sources */,
				62599FA72C5BBE3D00DE28C8 /* TabBarItem.swift in Sources */,
				6206505F2C611DD0001CFA8E /* Thought.swift in Sources */,
				62599F9B2C5B9F2600DE28C8 /* ProgressView.swift in Sources */,
				62A061552C49612B00A896AB /* GoogleButton.swift in Sources */,
				62F6FE4A2C46AF660084AC00 /* ProfileViewPresenter.swift in Sources */,
				62A0614B2C493D0C00A896AB /* UIStackView.ext.swift in Sources */,
				62E8CCEB2C2DA49200ED69E8 /* ThoughtsView.swift in Sources */,
				62F6FE542C46CDD60084AC00 /* BaseAuthView.swift in Sources */,
				6254D2D52C243E2500717A9A /* Resources.swift in Sources */,
				62212D232C52700B0083C4E8 /* FirebaseManager.swift in Sources */,
				620650582C6104BE001CFA8E /* ThoughtCell.swift in Sources */,
				62599F912C5B90F600DE28C8 /* UIImageView.ext.swift in Sources */,
				623A40D62C415CD000FB63C5 /* RegistraionView.swift in Sources */,
				62599FAA2C5BD49800DE28C8 /* TabView.swift in Sources */,
				62C721632CBE8689009CDFC2 /* User.swift in Sources */,
				620650542C60F6FD001CFA8E /* CoreDataManager.swift in Sources */,
				62F6FE4C2C46B3F00084AC00 /* NSNotification.Name.ext.swift in Sources */,
				62F6FE482C46AE820084AC00 /* ThoughtsViewPresenter.swift in Sources */,
				62A061512C49467400A896AB /* MainButton.swift in Sources */,
				629DEB552CBE9C3400356361 /* BreathModel.swift in Sources */,
				62E8CCED2C2DA4A900ED69E8 /* ProfileView.swift in Sources */,
				62F6FE462C46AD490084AC00 /* BreatViewPresenter.swift in Sources */,
				62E8CCE92C2DA47D00ED69E8 /* BreathView.swift in Sources */,
				62F6FE3E2C46A8050084AC00 /* Builder.swift in Sources */,
				62F6FE502C46B5CE0084AC00 /* RegistraionViewPresenter.swift in Sources */,
				62B6410A2C5A6F0400996411 /* CategoryDetailModel.swift in Sources */,
				623A40D42C415C5F00FB63C5 /* LoginView.swift in Sources */,
				62F6FE522C46B7A10084AC00 /* Backgroundable.swift in Sources */,
				62B97D7C2C43D48000E0FB2B /* String.ext.swift in Sources */,
				62B641102C5A904700996411 /* TabBarView.swift in Sources */,
				6237E27A2C1896AD00F3CE36 /* SceneDelegate.swift in Sources */,
				62B641032C5A6E5900996411 /* CategoryDetailViewPresenter.swift in Sources */,
				629DEB5B2CBED1E200356361 /* AuthManager.swift in Sources */,
				62A061532C494D6B00A896AB /* BottomButton.swift in Sources */,
				623A40D82C415D5800FB63C5 /* UIView.ext.swift in Sources */,
				6206505B2C611D83001CFA8E /* Thought.xcdatamodeld in Sources */,
				62FDB6A52C4FF4380095D4BA /* CollectionCell.swift in Sources */,
				62599F992C5B9DAC00DE28C8 /* TabBarPresenter.swift in Sources */,
			);
			runOnlyForDeploymentPostprocessing = 0;
		};
/* End PBXSourcesBuildPhase section */

/* Begin PBXVariantGroup section */
		6237E2852C1896AF00F3CE36 /* LaunchScreen.storyboard */ = {
			isa = PBXVariantGroup;
			children = (
				6237E2862C1896AF00F3CE36 /* Base */,
				62B97D792C43D47200E0FB2B /* ru */,
			);
			name = LaunchScreen.storyboard;
			sourceTree = "<group>";
		};
		62B97D762C43D46700E0FB2B /* Localizable.strings */ = {
			isa = PBXVariantGroup;
			children = (
				62B97D772C43D46700E0FB2B /* en */,
				62B97D7A2C43D47200E0FB2B /* ru */,
			);
			name = Localizable.strings;
			sourceTree = "<group>";
		};
/* End PBXVariantGroup section */

/* Begin XCBuildConfiguration section */
		6237E2892C1896AF00F3CE36 /* Debug */ = {
			isa = XCBuildConfiguration;
			buildSettings = {
				ALWAYS_SEARCH_USER_PATHS = NO;
				ASSETCATALOG_COMPILER_GENERATE_SWIFT_ASSET_SYMBOL_EXTENSIONS = YES;
				CLANG_ANALYZER_LOCALIZABILITY_NONLOCALIZED = YES;
				CLANG_ANALYZER_NONNULL = YES;
				CLANG_ANALYZER_NUMBER_OBJECT_CONVERSION = YES_AGGRESSIVE;
				CLANG_CXX_LANGUAGE_STANDARD = "gnu++20";
				CLANG_ENABLE_MODULES = YES;
				CLANG_ENABLE_OBJC_ARC = YES;
				CLANG_ENABLE_OBJC_WEAK = YES;
				CLANG_WARN_BLOCK_CAPTURE_AUTORELEASING = YES;
				CLANG_WARN_BOOL_CONVERSION = YES;
				CLANG_WARN_COMMA = YES;
				CLANG_WARN_CONSTANT_CONVERSION = YES;
				CLANG_WARN_DEPRECATED_OBJC_IMPLEMENTATIONS = YES;
				CLANG_WARN_DIRECT_OBJC_ISA_USAGE = YES_ERROR;
				CLANG_WARN_DOCUMENTATION_COMMENTS = YES;
				CLANG_WARN_EMPTY_BODY = YES;
				CLANG_WARN_ENUM_CONVERSION = YES;
				CLANG_WARN_INFINITE_RECURSION = YES;
				CLANG_WARN_INT_CONVERSION = YES;
				CLANG_WARN_NON_LITERAL_NULL_CONVERSION = YES;
				CLANG_WARN_OBJC_IMPLICIT_RETAIN_SELF = YES;
				CLANG_WARN_OBJC_LITERAL_CONVERSION = YES;
				CLANG_WARN_OBJC_ROOT_CLASS = YES_ERROR;
				CLANG_WARN_QUOTED_INCLUDE_IN_FRAMEWORK_HEADER = YES;
				CLANG_WARN_RANGE_LOOP_ANALYSIS = YES;
				CLANG_WARN_STRICT_PROTOTYPES = YES;
				CLANG_WARN_SUSPICIOUS_MOVE = YES;
				CLANG_WARN_UNGUARDED_AVAILABILITY = YES_AGGRESSIVE;
				CLANG_WARN_UNREACHABLE_CODE = YES;
				CLANG_WARN__DUPLICATE_METHOD_MATCH = YES;
				COPY_PHASE_STRIP = NO;
				DEBUG_INFORMATION_FORMAT = dwarf;
				ENABLE_STRICT_OBJC_MSGSEND = YES;
				ENABLE_TESTABILITY = YES;
				ENABLE_USER_SCRIPT_SANDBOXING = YES;
				GCC_C_LANGUAGE_STANDARD = gnu17;
				GCC_DYNAMIC_NO_PIC = NO;
				GCC_NO_COMMON_BLOCKS = YES;
				GCC_OPTIMIZATION_LEVEL = 0;
				GCC_PREPROCESSOR_DEFINITIONS = (
					"DEBUG=1",
					"$(inherited)",
				);
				GCC_WARN_64_TO_32_BIT_CONVERSION = YES;
				GCC_WARN_ABOUT_RETURN_TYPE = YES_ERROR;
				GCC_WARN_UNDECLARED_SELECTOR = YES;
				GCC_WARN_UNINITIALIZED_AUTOS = YES_AGGRESSIVE;
				GCC_WARN_UNUSED_FUNCTION = YES;
				GCC_WARN_UNUSED_VARIABLE = YES;
				IPHONEOS_DEPLOYMENT_TARGET = 17.1;
				LOCALIZATION_PREFERS_STRING_CATALOGS = YES;
				MTL_ENABLE_DEBUG_INFO = INCLUDE_SOURCE;
				MTL_FAST_MATH = YES;
				ONLY_ACTIVE_ARCH = YES;
				SDKROOT = iphoneos;
				SWIFT_ACTIVE_COMPILATION_CONDITIONS = "DEBUG $(inherited)";
				SWIFT_OPTIMIZATION_LEVEL = "-Onone";
			};
			name = Debug;
		};
		6237E28A2C1896AF00F3CE36 /* Release */ = {
			isa = XCBuildConfiguration;
			buildSettings = {
				ALWAYS_SEARCH_USER_PATHS = NO;
				ASSETCATALOG_COMPILER_GENERATE_SWIFT_ASSET_SYMBOL_EXTENSIONS = YES;
				CLANG_ANALYZER_LOCALIZABILITY_NONLOCALIZED = YES;
				CLANG_ANALYZER_NONNULL = YES;
				CLANG_ANALYZER_NUMBER_OBJECT_CONVERSION = YES_AGGRESSIVE;
				CLANG_CXX_LANGUAGE_STANDARD = "gnu++20";
				CLANG_ENABLE_MODULES = YES;
				CLANG_ENABLE_OBJC_ARC = YES;
				CLANG_ENABLE_OBJC_WEAK = YES;
				CLANG_WARN_BLOCK_CAPTURE_AUTORELEASING = YES;
				CLANG_WARN_BOOL_CONVERSION = YES;
				CLANG_WARN_COMMA = YES;
				CLANG_WARN_CONSTANT_CONVERSION = YES;
				CLANG_WARN_DEPRECATED_OBJC_IMPLEMENTATIONS = YES;
				CLANG_WARN_DIRECT_OBJC_ISA_USAGE = YES_ERROR;
				CLANG_WARN_DOCUMENTATION_COMMENTS = YES;
				CLANG_WARN_EMPTY_BODY = YES;
				CLANG_WARN_ENUM_CONVERSION = YES;
				CLANG_WARN_INFINITE_RECURSION = YES;
				CLANG_WARN_INT_CONVERSION = YES;
				CLANG_WARN_NON_LITERAL_NULL_CONVERSION = YES;
				CLANG_WARN_OBJC_IMPLICIT_RETAIN_SELF = YES;
				CLANG_WARN_OBJC_LITERAL_CONVERSION = YES;
				CLANG_WARN_OBJC_ROOT_CLASS = YES_ERROR;
				CLANG_WARN_QUOTED_INCLUDE_IN_FRAMEWORK_HEADER = YES;
				CLANG_WARN_RANGE_LOOP_ANALYSIS = YES;
				CLANG_WARN_STRICT_PROTOTYPES = YES;
				CLANG_WARN_SUSPICIOUS_MOVE = YES;
				CLANG_WARN_UNGUARDED_AVAILABILITY = YES_AGGRESSIVE;
				CLANG_WARN_UNREACHABLE_CODE = YES;
				CLANG_WARN__DUPLICATE_METHOD_MATCH = YES;
				COPY_PHASE_STRIP = NO;
				DEBUG_INFORMATION_FORMAT = "dwarf-with-dsym";
				ENABLE_NS_ASSERTIONS = NO;
				ENABLE_STRICT_OBJC_MSGSEND = YES;
				ENABLE_USER_SCRIPT_SANDBOXING = YES;
				GCC_C_LANGUAGE_STANDARD = gnu17;
				GCC_NO_COMMON_BLOCKS = YES;
				GCC_WARN_64_TO_32_BIT_CONVERSION = YES;
				GCC_WARN_ABOUT_RETURN_TYPE = YES_ERROR;
				GCC_WARN_UNDECLARED_SELECTOR = YES;
				GCC_WARN_UNINITIALIZED_AUTOS = YES_AGGRESSIVE;
				GCC_WARN_UNUSED_FUNCTION = YES;
				GCC_WARN_UNUSED_VARIABLE = YES;
				IPHONEOS_DEPLOYMENT_TARGET = 17.1;
				LOCALIZATION_PREFERS_STRING_CATALOGS = YES;
				MTL_ENABLE_DEBUG_INFO = NO;
				MTL_FAST_MATH = YES;
				SDKROOT = iphoneos;
				SWIFT_COMPILATION_MODE = wholemodule;
				VALIDATE_PRODUCT = YES;
			};
			name = Release;
		};
		6237E28C2C1896AF00F3CE36 /* Debug */ = {
			isa = XCBuildConfiguration;
			buildSettings = {
				ASSETCATALOG_COMPILER_APPICON_NAME = AppIcon;
				ASSETCATALOG_COMPILER_GLOBAL_ACCENT_COLOR_NAME = AccentColor;
				CODE_SIGN_STYLE = Automatic;
				CURRENT_PROJECT_VERSION = 1;
				DEVELOPMENT_TEAM = W2HCKKQTYD;
				GENERATE_INFOPLIST_FILE = YES;
				INFOPLIST_FILE = "Harmony Hub/Supporting Files/Info.plist";
				INFOPLIST_KEY_UIApplicationSupportsIndirectInputEvents = YES;
				INFOPLIST_KEY_UILaunchStoryboardName = LaunchScreen;
				INFOPLIST_KEY_UISupportedInterfaceOrientations = UIInterfaceOrientationPortrait;
				INFOPLIST_KEY_UISupportedInterfaceOrientations_iPad = "UIInterfaceOrientationLandscapeLeft UIInterfaceOrientationLandscapeRight UIInterfaceOrientationPortrait";
				INFOPLIST_KEY_UIUserInterfaceStyle = Light;
				IPHONEOS_DEPLOYMENT_TARGET = 17.1;
				LD_RUNPATH_SEARCH_PATHS = (
					"$(inherited)",
					"@executable_path/Frameworks",
				);
				MARKETING_VERSION = 1.0;
				PRODUCT_BUNDLE_IDENTIFIER = "com.pet-app.Harmony-Hub";
				PRODUCT_NAME = "$(TARGET_NAME)";
				SUPPORTED_PLATFORMS = "iphoneos iphonesimulator";
				SUPPORTS_MACCATALYST = NO;
				SUPPORTS_MAC_DESIGNED_FOR_IPHONE_IPAD = NO;
				SUPPORTS_XR_DESIGNED_FOR_IPHONE_IPAD = NO;
				SWIFT_EMIT_LOC_STRINGS = YES;
				SWIFT_VERSION = 5.0;
				TARGETED_DEVICE_FAMILY = "1,2";
			};
			name = Debug;
		};
		6237E28D2C1896AF00F3CE36 /* Release */ = {
			isa = XCBuildConfiguration;
			buildSettings = {
				ASSETCATALOG_COMPILER_APPICON_NAME = AppIcon;
				ASSETCATALOG_COMPILER_GLOBAL_ACCENT_COLOR_NAME = AccentColor;
				CODE_SIGN_STYLE = Automatic;
				CURRENT_PROJECT_VERSION = 1;
				DEVELOPMENT_TEAM = W2HCKKQTYD;
				GENERATE_INFOPLIST_FILE = YES;
				INFOPLIST_FILE = "Harmony Hub/Supporting Files/Info.plist";
				INFOPLIST_KEY_UIApplicationSupportsIndirectInputEvents = YES;
				INFOPLIST_KEY_UILaunchStoryboardName = LaunchScreen;
				INFOPLIST_KEY_UISupportedInterfaceOrientations = UIInterfaceOrientationPortrait;
				INFOPLIST_KEY_UISupportedInterfaceOrientations_iPad = "UIInterfaceOrientationLandscapeLeft UIInterfaceOrientationLandscapeRight UIInterfaceOrientationPortrait";
				INFOPLIST_KEY_UIUserInterfaceStyle = Light;
				IPHONEOS_DEPLOYMENT_TARGET = 17.1;
				LD_RUNPATH_SEARCH_PATHS = (
					"$(inherited)",
					"@executable_path/Frameworks",
				);
				MARKETING_VERSION = 1.0;
				PRODUCT_BUNDLE_IDENTIFIER = "com.pet-app.Harmony-Hub";
				PRODUCT_NAME = "$(TARGET_NAME)";
				SUPPORTED_PLATFORMS = "iphoneos iphonesimulator";
				SUPPORTS_MACCATALYST = NO;
				SUPPORTS_MAC_DESIGNED_FOR_IPHONE_IPAD = NO;
				SUPPORTS_XR_DESIGNED_FOR_IPHONE_IPAD = NO;
				SWIFT_EMIT_LOC_STRINGS = YES;
				SWIFT_VERSION = 5.0;
				TARGETED_DEVICE_FAMILY = "1,2";
			};
			name = Release;
		};
/* End XCBuildConfiguration section */

/* Begin XCConfigurationList section */
		6237E26F2C1896AD00F3CE36 /* Build configuration list for PBXProject "Harmony Hub" */ = {
			isa = XCConfigurationList;
			buildConfigurations = (
				6237E2892C1896AF00F3CE36 /* Debug */,
				6237E28A2C1896AF00F3CE36 /* Release */,
			);
			defaultConfigurationIsVisible = 0;
			defaultConfigurationName = Release;
		};
		6237E28B2C1896AF00F3CE36 /* Build configuration list for PBXNativeTarget "Harmony Hub" */ = {
			isa = XCConfigurationList;
			buildConfigurations = (
				6237E28C2C1896AF00F3CE36 /* Debug */,
				6237E28D2C1896AF00F3CE36 /* Release */,
			);
			defaultConfigurationIsVisible = 0;
			defaultConfigurationName = Release;
		};
/* End XCConfigurationList section */

/* Begin XCRemoteSwiftPackageReference section */
		629DEB3D2CBE871D00356361 /* XCRemoteSwiftPackageReference "firebase-ios-sdk" */ = {
			isa = XCRemoteSwiftPackageReference;
			repositoryURL = "https://github.com/firebase/firebase-ios-sdk";
			requirement = {
				kind = upToNextMajorVersion;
				minimumVersion = 11.3.0;
			};
		};
		629DEB482CBE872B00356361 /* XCRemoteSwiftPackageReference "Kingfisher" */ = {
			isa = XCRemoteSwiftPackageReference;
			repositoryURL = "https://github.com/onevcat/Kingfisher";
			requirement = {
				kind = upToNextMajorVersion;
				minimumVersion = 8.1.0;
			};
		};
		629DEB4B2CBE873700356361 /* XCRemoteSwiftPackageReference "GoogleSignIn-iOS" */ = {
			isa = XCRemoteSwiftPackageReference;
			repositoryURL = "https://github.com/google/GoogleSignIn-iOS";
			requirement = {
				kind = upToNextMajorVersion;
				minimumVersion = 8.0.0;
			};
		};
/* End XCRemoteSwiftPackageReference section */

/* Begin XCSwiftPackageProductDependency section */
		629DEB3E2CBE871D00356361 /* FirebaseAuth */ = {
			isa = XCSwiftPackageProductDependency;
			package = 629DEB3D2CBE871D00356361 /* XCRemoteSwiftPackageReference "firebase-ios-sdk" */;
			productName = FirebaseAuth;
		};
		629DEB402CBE871D00356361 /* FirebaseCore */ = {
			isa = XCSwiftPackageProductDependency;
			package = 629DEB3D2CBE871D00356361 /* XCRemoteSwiftPackageReference "firebase-ios-sdk" */;
			productName = FirebaseCore;
		};
		629DEB422CBE871D00356361 /* FirebaseDatabase */ = {
			isa = XCSwiftPackageProductDependency;
			package = 629DEB3D2CBE871D00356361 /* XCRemoteSwiftPackageReference "firebase-ios-sdk" */;
			productName = FirebaseDatabase;
		};
		629DEB442CBE871D00356361 /* FirebaseFirestore */ = {
			isa = XCSwiftPackageProductDependency;
			package = 629DEB3D2CBE871D00356361 /* XCRemoteSwiftPackageReference "firebase-ios-sdk" */;
			productName = FirebaseFirestore;
		};
		629DEB462CBE871D00356361 /* FirebaseStorage */ = {
			isa = XCSwiftPackageProductDependency;
			package = 629DEB3D2CBE871D00356361 /* XCRemoteSwiftPackageReference "firebase-ios-sdk" */;
			productName = FirebaseStorage;
		};
		629DEB492CBE872B00356361 /* Kingfisher */ = {
			isa = XCSwiftPackageProductDependency;
			package = 629DEB482CBE872B00356361 /* XCRemoteSwiftPackageReference "Kingfisher" */;
			productName = Kingfisher;
		};
		629DEB4C2CBE873700356361 /* GoogleSignIn */ = {
			isa = XCSwiftPackageProductDependency;
			package = 629DEB4B2CBE873700356361 /* XCRemoteSwiftPackageReference "GoogleSignIn-iOS" */;
			productName = GoogleSignIn;
		};
		629DEB4E2CBE873700356361 /* GoogleSignInSwift */ = {
			isa = XCSwiftPackageProductDependency;
			package = 629DEB4B2CBE873700356361 /* XCRemoteSwiftPackageReference "GoogleSignIn-iOS" */;
			productName = GoogleSignInSwift;
		};
/* End XCSwiftPackageProductDependency section */

/* Begin XCVersionGroup section */
		620650592C611D83001CFA8E /* Thought.xcdatamodeld */ = {
			isa = XCVersionGroup;
			children = (
				6206505A2C611D83001CFA8E /* Thoght.xcdatamodel */,
			);
			currentVersion = 6206505A2C611D83001CFA8E /* Thoght.xcdatamodel */;
			path = Thought.xcdatamodeld;
			sourceTree = "<group>";
			versionGroupType = wrapper.xcdatamodel;
		};
/* End XCVersionGroup section */
	};
	rootObject = 6237E26C2C1896AD00F3CE36 /* Project object */;
}
