// !$*UTF8*$!
{
	archiveVersion = 1;
	classes = {
	};
	objectVersion = 56;
	objects = {

/* Begin PBXBuildFile section */
		6237E2782C1896AD00F3CE36 /* AppDelegate.swift in Sources */ = {isa = PBXBuildFile; fileRef = 6237E2772C1896AD00F3CE36 /* AppDelegate.swift */; };
		6237E27A2C1896AD00F3CE36 /* SceneDelegate.swift in Sources */ = {isa = PBXBuildFile; fileRef = 6237E2792C1896AD00F3CE36 /* SceneDelegate.swift */; };
		6237E2822C1896AD00F3CE36 /* Harmony_Hub.xcdatamodeld in Sources */ = {isa = PBXBuildFile; fileRef = 6237E2802C1896AD00F3CE36 /* Harmony_Hub.xcdatamodeld */; };
		6237E2842C1896AF00F3CE36 /* Assets.xcassets in Resources */ = {isa = PBXBuildFile; fileRef = 6237E2832C1896AF00F3CE36 /* Assets.xcassets */; };
		6237E2872C1896AF00F3CE36 /* Base in Resources */ = {isa = PBXBuildFile; fileRef = 6237E2862C1896AF00F3CE36 /* Base */; };
		6237E2962C189CBB00F3CE36 /* FirebaseAuth in Frameworks */ = {isa = PBXBuildFile; productRef = 6237E2952C189CBB00F3CE36 /* FirebaseAuth */; };
		6237E2982C189CC200F3CE36 /* FirebaseDatabase in Frameworks */ = {isa = PBXBuildFile; productRef = 6237E2972C189CC200F3CE36 /* FirebaseDatabase */; };
		6237E29A2C189CC900F3CE36 /* FirebaseFirestore in Frameworks */ = {isa = PBXBuildFile; productRef = 6237E2992C189CC900F3CE36 /* FirebaseFirestore */; };
		6237E29C2C189CD800F3CE36 /* FirebaseStorage in Frameworks */ = {isa = PBXBuildFile; productRef = 6237E29B2C189CD800F3CE36 /* FirebaseStorage */; };
		6237E29E2C189E1500F3CE36 /* GoogleService-Info.plist in Resources */ = {isa = PBXBuildFile; fileRef = 6237E29D2C189E1500F3CE36 /* GoogleService-Info.plist */; };
		623A40D42C415C5F00FB63C5 /* LoginView.swift in Sources */ = {isa = PBXBuildFile; fileRef = 623A40D32C415C5F00FB63C5 /* LoginView.swift */; };
		623A40D62C415CD000FB63C5 /* RegistraionView.swift in Sources */ = {isa = PBXBuildFile; fileRef = 623A40D52C415CD000FB63C5 /* RegistraionView.swift */; };
		623A40D82C415D5800FB63C5 /* UIView.ext.swift in Sources */ = {isa = PBXBuildFile; fileRef = 623A40D72C415D5800FB63C5 /* UIView.ext.swift */; };
		6254D2D32C243C3300717A9A /* TabBar.swift in Sources */ = {isa = PBXBuildFile; fileRef = 6254D2D22C243C3300717A9A /* TabBar.swift */; };
		6254D2D52C243E2500717A9A /* Resources.swift in Sources */ = {isa = PBXBuildFile; fileRef = 6254D2D42C243E2500717A9A /* Resources.swift */; };
		62B97D782C43D46700E0FB2B /* Localizable.strings in Resources */ = {isa = PBXBuildFile; fileRef = 62B97D762C43D46700E0FB2B /* Localizable.strings */; };
		62B97D7C2C43D48000E0FB2B /* String.ext.swift in Sources */ = {isa = PBXBuildFile; fileRef = 62B97D7B2C43D48000E0FB2B /* String.ext.swift */; };
		62E8CCE72C2DA1DF00ED69E8 /* MainView.swift in Sources */ = {isa = PBXBuildFile; fileRef = 62E8CCE62C2DA1DF00ED69E8 /* MainView.swift */; };
		62E8CCE92C2DA47D00ED69E8 /* BreathView.swift in Sources */ = {isa = PBXBuildFile; fileRef = 62E8CCE82C2DA47D00ED69E8 /* BreathView.swift */; };
		62E8CCEB2C2DA49200ED69E8 /* ThoughtsView.swift in Sources */ = {isa = PBXBuildFile; fileRef = 62E8CCEA2C2DA49200ED69E8 /* ThoughtsView.swift */; };
		62E8CCED2C2DA4A900ED69E8 /* ProfileView.swift in Sources */ = {isa = PBXBuildFile; fileRef = 62E8CCEC2C2DA4A900ED69E8 /* ProfileView.swift */; };
/* End PBXBuildFile section */

/* Begin PBXFileReference section */
		6237E2742C1896AD00F3CE36 /* Harmony Hub.app */ = {isa = PBXFileReference; explicitFileType = wrapper.application; includeInIndex = 0; path = "Harmony Hub.app"; sourceTree = BUILT_PRODUCTS_DIR; };
		6237E2772C1896AD00F3CE36 /* AppDelegate.swift */ = {isa = PBXFileReference; lastKnownFileType = sourcecode.swift; path = AppDelegate.swift; sourceTree = "<group>"; };
		6237E2792C1896AD00F3CE36 /* SceneDelegate.swift */ = {isa = PBXFileReference; lastKnownFileType = sourcecode.swift; path = SceneDelegate.swift; sourceTree = "<group>"; };
		6237E2812C1896AD00F3CE36 /* Harmony_Hub.xcdatamodel */ = {isa = PBXFileReference; lastKnownFileType = wrapper.xcdatamodel; path = Harmony_Hub.xcdatamodel; sourceTree = "<group>"; };
		6237E2832C1896AF00F3CE36 /* Assets.xcassets */ = {isa = PBXFileReference; lastKnownFileType = folder.assetcatalog; path = Assets.xcassets; sourceTree = "<group>"; };
		6237E2862C1896AF00F3CE36 /* Base */ = {isa = PBXFileReference; lastKnownFileType = file.storyboard; name = Base; path = Base.lproj/LaunchScreen.storyboard; sourceTree = "<group>"; };
		6237E2882C1896AF00F3CE36 /* Info.plist */ = {isa = PBXFileReference; lastKnownFileType = text.plist.xml; path = Info.plist; sourceTree = "<group>"; };
		6237E29D2C189E1500F3CE36 /* GoogleService-Info.plist */ = {isa = PBXFileReference; fileEncoding = 4; lastKnownFileType = text.plist.xml; path = "GoogleService-Info.plist"; sourceTree = "<group>"; };
		623A40D32C415C5F00FB63C5 /* LoginView.swift */ = {isa = PBXFileReference; lastKnownFileType = sourcecode.swift; path = LoginView.swift; sourceTree = "<group>"; };
		623A40D52C415CD000FB63C5 /* RegistraionView.swift */ = {isa = PBXFileReference; lastKnownFileType = sourcecode.swift; path = RegistraionView.swift; sourceTree = "<group>"; };
		623A40D72C415D5800FB63C5 /* UIView.ext.swift */ = {isa = PBXFileReference; lastKnownFileType = sourcecode.swift; path = UIView.ext.swift; sourceTree = "<group>"; };
		6254D2D22C243C3300717A9A /* TabBar.swift */ = {isa = PBXFileReference; lastKnownFileType = sourcecode.swift; path = TabBar.swift; sourceTree = "<group>"; };
		6254D2D42C243E2500717A9A /* Resources.swift */ = {isa = PBXFileReference; lastKnownFileType = sourcecode.swift; path = Resources.swift; sourceTree = "<group>"; };
		62B97D772C43D46700E0FB2B /* en */ = {isa = PBXFileReference; lastKnownFileType = text.plist.strings; name = en; path = en.lproj/Localizable.strings; sourceTree = "<group>"; };
		62B97D792C43D47200E0FB2B /* ru */ = {isa = PBXFileReference; lastKnownFileType = text.plist.strings; name = ru; path = ru.lproj/LaunchScreen.strings; sourceTree = "<group>"; };
		62B97D7A2C43D47200E0FB2B /* ru */ = {isa = PBXFileReference; lastKnownFileType = text.plist.strings; name = ru; path = ru.lproj/Localizable.strings; sourceTree = "<group>"; };
		62B97D7B2C43D48000E0FB2B /* String.ext.swift */ = {isa = PBXFileReference; lastKnownFileType = sourcecode.swift; path = String.ext.swift; sourceTree = "<group>"; };
		62E8CCE62C2DA1DF00ED69E8 /* MainView.swift */ = {isa = PBXFileReference; lastKnownFileType = sourcecode.swift; path = MainView.swift; sourceTree = "<group>"; };
		62E8CCE82C2DA47D00ED69E8 /* BreathView.swift */ = {isa = PBXFileReference; lastKnownFileType = sourcecode.swift; path = BreathView.swift; sourceTree = "<group>"; };
		62E8CCEA2C2DA49200ED69E8 /* ThoughtsView.swift */ = {isa = PBXFileReference; lastKnownFileType = sourcecode.swift; path = ThoughtsView.swift; sourceTree = "<group>"; };
		62E8CCEC2C2DA4A900ED69E8 /* ProfileView.swift */ = {isa = PBXFileReference; lastKnownFileType = sourcecode.swift; path = ProfileView.swift; sourceTree = "<group>"; };
/* End PBXFileReference section */

/* Begin PBXFrameworksBuildPhase section */
		6237E2712C1896AD00F3CE36 /* Frameworks */ = {
			isa = PBXFrameworksBuildPhase;
			buildActionMask = 2147483647;
			files = (
				6237E2982C189CC200F3CE36 /* FirebaseDatabase in Frameworks */,
				6237E29C2C189CD800F3CE36 /* FirebaseStorage in Frameworks */,
				6237E2962C189CBB00F3CE36 /* FirebaseAuth in Frameworks */,
				6237E29A2C189CC900F3CE36 /* FirebaseFirestore in Frameworks */,
			);
			runOnlyForDeploymentPostprocessing = 0;
		};
/* End PBXFrameworksBuildPhase section */

/* Begin PBXGroup section */
		620F6F5F2C23BB12005E0A18 /* Extensions */ = {
			isa = PBXGroup;
			children = (
				62B97D7B2C43D48000E0FB2B /* String.ext.swift */,
				623A40D72C415D5800FB63C5 /* UIView.ext.swift */,
			);
			path = Extensions;
			sourceTree = "<group>";
		};
		6237E26B2C1896AD00F3CE36 = {
			isa = PBXGroup;
			children = (
				6237E2762C1896AD00F3CE36 /* Harmony Hub */,
				6237E2752C1896AD00F3CE36 /* Products */,
				6237E2942C189CBB00F3CE36 /* Frameworks */,
			);
			sourceTree = "<group>";
		};
		6237E2752C1896AD00F3CE36 /* Products */ = {
			isa = PBXGroup;
			children = (
				6237E2742C1896AD00F3CE36 /* Harmony Hub.app */,
			);
			name = Products;
			sourceTree = "<group>";
		};
		6237E2762C1896AD00F3CE36 /* Harmony Hub */ = {
			isa = PBXGroup;
			children = (
				6237E28F2C1897CC00F3CE36 /* Application */,
				623CE45E2C238A6F00E5F2B9 /* Helpers */,
				62807DFC2C22F2C5004A829E /* Modules */,
				6237E2902C18992200F3CE36 /* Data */,
				62B97D752C43D40900E0FB2B /* Localizable */,
				6237E28E2C1897B600F3CE36 /* Supporting Files */,
			);
			path = "Harmony Hub";
			sourceTree = "<group>";
		};
		6237E28E2C1897B600F3CE36 /* Supporting Files */ = {
			isa = PBXGroup;
			children = (
				6237E2832C1896AF00F3CE36 /* Assets.xcassets */,
				6237E2852C1896AF00F3CE36 /* LaunchScreen.storyboard */,
				6237E29D2C189E1500F3CE36 /* GoogleService-Info.plist */,
				6237E2882C1896AF00F3CE36 /* Info.plist */,
			);
			path = "Supporting Files";
			sourceTree = "<group>";
		};
		6237E28F2C1897CC00F3CE36 /* Application */ = {
			isa = PBXGroup;
			children = (
				6237E2772C1896AD00F3CE36 /* AppDelegate.swift */,
				6237E2792C1896AD00F3CE36 /* SceneDelegate.swift */,
			);
			path = Application;
			sourceTree = "<group>";
		};
		6237E2902C18992200F3CE36 /* Data */ = {
			isa = PBXGroup;
			children = (
				6237E2802C1896AD00F3CE36 /* Harmony_Hub.xcdatamodeld */,
			);
			path = Data;
			sourceTree = "<group>";
		};
		6237E2942C189CBB00F3CE36 /* Frameworks */ = {
			isa = PBXGroup;
			children = (
			);
			name = Frameworks;
			sourceTree = "<group>";
		};
		623A40D22C415C4E00FB63C5 /* Auth */ = {
			isa = PBXGroup;
			children = (
				62B97D7D2C4405E400E0FB2B /* Login */,
				62B97D7E2C4405F200E0FB2B /* Registration */,
			);
			path = Auth;
			sourceTree = "<group>";
		};
		623A40D92C415DAF00FB63C5 /* Main */ = {
			isa = PBXGroup;
			children = (
				623A40E72C415F9E00FB63C5 /* Model */,
				623A40DF2C415E0E00FB63C5 /* View */,
				623A40E82C415FA700FB63C5 /* Presenter */,
			);
			path = Main;
			sourceTree = "<group>";
		};
		623A40DA2C415DB400FB63C5 /* Breath */ = {
			isa = PBXGroup;
			children = (
				623A40E92C415FAE00FB63C5 /* Model */,
				623A40E02C415E1800FB63C5 /* View */,
				623A40EA2C415FB400FB63C5 /* Presenter */,
			);
			path = Breath;
			sourceTree = "<group>";
		};
		623A40DB2C415DC800FB63C5 /* Thoughts */ = {
			isa = PBXGroup;
			children = (
				623A40EB2C415FBA00FB63C5 /* Model */,
				623A40E12C415E1E00FB63C5 /* View */,
				623A40EC2C415FBF00FB63C5 /* Presenter */,
			);
			path = Thoughts;
			sourceTree = "<group>";
		};
		623A40DC2C415DD400FB63C5 /* Profile */ = {
			isa = PBXGroup;
			children = (
				623A40ED2C415FC500FB63C5 /* Model */,
				623A40E22C415E2E00FB63C5 /* View */,
				623A40EE2C415FCA00FB63C5 /* Presenter */,
			);
			path = Profile;
			sourceTree = "<group>";
		};
		623A40DD2C415DEC00FB63C5 /* Views */ = {
			isa = PBXGroup;
			children = (
				623A40D32C415C5F00FB63C5 /* LoginView.swift */,
			);
			path = Views;
			sourceTree = "<group>";
		};
		623A40DF2C415E0E00FB63C5 /* View */ = {
			isa = PBXGroup;
			children = (
				62E8CCE62C2DA1DF00ED69E8 /* MainView.swift */,
			);
			path = View;
			sourceTree = "<group>";
		};
		623A40E02C415E1800FB63C5 /* View */ = {
			isa = PBXGroup;
			children = (
				62E8CCE82C2DA47D00ED69E8 /* BreathView.swift */,
			);
			path = View;
			sourceTree = "<group>";
		};
		623A40E12C415E1E00FB63C5 /* View */ = {
			isa = PBXGroup;
			children = (
				62E8CCEA2C2DA49200ED69E8 /* ThoughtsView.swift */,
			);
			path = View;
			sourceTree = "<group>";
		};
		623A40E22C415E2E00FB63C5 /* View */ = {
			isa = PBXGroup;
			children = (
				62E8CCEC2C2DA4A900ED69E8 /* ProfileView.swift */,
			);
			path = View;
			sourceTree = "<group>";
		};
		623A40E32C415F7300FB63C5 /* Model */ = {
			isa = PBXGroup;
			children = (
			);
			path = Model;
			sourceTree = "<group>";
		};
		623A40E42C415F7900FB63C5 /* Presenter */ = {
			isa = PBXGroup;
			children = (
			);
			path = Presenter;
			sourceTree = "<group>";
		};
		623A40E72C415F9E00FB63C5 /* Model */ = {
			isa = PBXGroup;
			children = (
			);
			path = Model;
			sourceTree = "<group>";
		};
		623A40E82C415FA700FB63C5 /* Presenter */ = {
			isa = PBXGroup;
			children = (
			);
			path = Presenter;
			sourceTree = "<group>";
		};
		623A40E92C415FAE00FB63C5 /* Model */ = {
			isa = PBXGroup;
			children = (
			);
			path = Model;
			sourceTree = "<group>";
		};
		623A40EA2C415FB400FB63C5 /* Presenter */ = {
			isa = PBXGroup;
			children = (
			);
			path = Presenter;
			sourceTree = "<group>";
		};
		623A40EB2C415FBA00FB63C5 /* Model */ = {
			isa = PBXGroup;
			children = (
			);
			path = Model;
			sourceTree = "<group>";
		};
		623A40EC2C415FBF00FB63C5 /* Presenter */ = {
			isa = PBXGroup;
			children = (
			);
			path = Presenter;
			sourceTree = "<group>";
		};
		623A40ED2C415FC500FB63C5 /* Model */ = {
			isa = PBXGroup;
			children = (
			);
			path = Model;
			sourceTree = "<group>";
		};
		623A40EE2C415FCA00FB63C5 /* Presenter */ = {
			isa = PBXGroup;
			children = (
			);
			path = Presenter;
			sourceTree = "<group>";
		};
		623CE45E2C238A6F00E5F2B9 /* Helpers */ = {
			isa = PBXGroup;
			children = (
				620F6F5F2C23BB12005E0A18 /* Extensions */,
				6254D2D42C243E2500717A9A /* Resources.swift */,
			);
			path = Helpers;
			sourceTree = "<group>";
		};
		6254D2D12C243C0400717A9A /* TabBar */ = {
			isa = PBXGroup;
			children = (
				6254D2D22C243C3300717A9A /* TabBar.swift */,
			);
			path = TabBar;
			sourceTree = "<group>";
		};
		62807DFC2C22F2C5004A829E /* Modules */ = {
			isa = PBXGroup;
			children = (
				623A40D22C415C4E00FB63C5 /* Auth */,
				62B97D822C44065000E0FB2B /* App */,
			);
			path = Modules;
			sourceTree = "<group>";
		};
		62B97D752C43D40900E0FB2B /* Localizable */ = {
			isa = PBXGroup;
			children = (
				62B97D762C43D46700E0FB2B /* Localizable.strings */,
			);
			path = Localizable;
			sourceTree = "<group>";
		};
		62B97D7D2C4405E400E0FB2B /* Login */ = {
			isa = PBXGroup;
			children = (
				623A40E32C415F7300FB63C5 /* Model */,
				623A40DD2C415DEC00FB63C5 /* Views */,
				623A40E42C415F7900FB63C5 /* Presenter */,
			);
			path = Login;
			sourceTree = "<group>";
		};
		62B97D7E2C4405F200E0FB2B /* Registration */ = {
			isa = PBXGroup;
			children = (
				62B97D812C44061400E0FB2B /* Model */,
				62B97D802C44060D00E0FB2B /* View */,
				62B97D7F2C44060500E0FB2B /* Presenter */,
			);
			path = Registration;
			sourceTree = "<group>";
		};
		62B97D7F2C44060500E0FB2B /* Presenter */ = {
			isa = PBXGroup;
			children = (
			);
			path = Presenter;
			sourceTree = "<group>";
		};
		62B97D802C44060D00E0FB2B /* View */ = {
			isa = PBXGroup;
			children = (
				623A40D52C415CD000FB63C5 /* RegistraionView.swift */,
			);
			path = View;
			sourceTree = "<group>";
		};
		62B97D812C44061400E0FB2B /* Model */ = {
			isa = PBXGroup;
			children = (
			);
			path = Model;
			sourceTree = "<group>";
		};
		62B97D822C44065000E0FB2B /* App */ = {
			isa = PBXGroup;
			children = (
				6254D2D12C243C0400717A9A /* TabBar */,
				623A40D92C415DAF00FB63C5 /* Main */,
				623A40DA2C415DB400FB63C5 /* Breath */,
				623A40DB2C415DC800FB63C5 /* Thoughts */,
				623A40DC2C415DD400FB63C5 /* Profile */,
			);
			path = App;
			sourceTree = "<group>";
		};
/* End PBXGroup section */

/* Begin PBXNativeTarget section */
		6237E2732C1896AD00F3CE36 /* Harmony Hub */ = {
			isa = PBXNativeTarget;
			buildConfigurationList = 6237E28B2C1896AF00F3CE36 /* Build configuration list for PBXNativeTarget "Harmony Hub" */;
			buildPhases = (
				6237E2702C1896AD00F3CE36 /* Sources */,
				6237E2712C1896AD00F3CE36 /* Frameworks */,
				6237E2722C1896AD00F3CE36 /* Resources */,
			);
			buildRules = (
			);
			dependencies = (
			);
			name = "Harmony Hub";
			packageProductDependencies = (
				6237E2952C189CBB00F3CE36 /* FirebaseAuth */,
				6237E2972C189CC200F3CE36 /* FirebaseDatabase */,
				6237E2992C189CC900F3CE36 /* FirebaseFirestore */,
				6237E29B2C189CD800F3CE36 /* FirebaseStorage */,
			);
			productName = "Harmony Hub";
			productReference = 6237E2742C1896AD00F3CE36 /* Harmony Hub.app */;
			productType = "com.apple.product-type.application";
		};
/* End PBXNativeTarget section */

/* Begin PBXProject section */
		6237E26C2C1896AD00F3CE36 /* Project object */ = {
			isa = PBXProject;
			attributes = {
				BuildIndependentTargetsInParallel = 1;
				LastSwiftUpdateCheck = 1540;
				LastUpgradeCheck = 1540;
				TargetAttributes = {
					6237E2732C1896AD00F3CE36 = {
						CreatedOnToolsVersion = 15.4;
					};
				};
			};
			buildConfigurationList = 6237E26F2C1896AD00F3CE36 /* Build configuration list for PBXProject "Harmony Hub" */;
			compatibilityVersion = "Xcode 14.0";
			developmentRegion = en;
			hasScannedForEncodings = 0;
			knownRegions = (
				en,
				Base,
				ru,
			);
			mainGroup = 6237E26B2C1896AD00F3CE36;
			packageReferences = (
				6237E2932C189BB900F3CE36 /* XCRemoteSwiftPackageReference "firebase-ios-sdk" */,
			);
			productRefGroup = 6237E2752C1896AD00F3CE36 /* Products */;
			projectDirPath = "";
			projectRoot = "";
			targets = (
				6237E2732C1896AD00F3CE36 /* Harmony Hub */,
			);
		};
/* End PBXProject section */

/* Begin PBXResourcesBuildPhase section */
		6237E2722C1896AD00F3CE36 /* Resources */ = {
			isa = PBXResourcesBuildPhase;
			buildActionMask = 2147483647;
			files = (
				6237E2842C1896AF00F3CE36 /* Assets.xcassets in Resources */,
				62B97D782C43D46700E0FB2B /* Localizable.strings in Resources */,
				6237E2872C1896AF00F3CE36 /* Base in Resources */,
				6237E29E2C189E1500F3CE36 /* GoogleService-Info.plist in Resources */,
			);
			runOnlyForDeploymentPostprocessing = 0;
		};
/* End PBXResourcesBuildPhase section */

/* Begin PBXSourcesBuildPhase section */
		6237E2702C1896AD00F3CE36 /* Sources */ = {
			isa = PBXSourcesBuildPhase;
			buildActionMask = 2147483647;
			files = (
				6237E2822C1896AD00F3CE36 /* Harmony_Hub.xcdatamodeld in Sources */,
				6254D2D32C243C3300717A9A /* TabBar.swift in Sources */,
				6237E2782C1896AD00F3CE36 /* AppDelegate.swift in Sources */,
				62E8CCE72C2DA1DF00ED69E8 /* MainView.swift in Sources */,
				62E8CCEB2C2DA49200ED69E8 /* ThoughtsView.swift in Sources */,
				6254D2D52C243E2500717A9A /* Resources.swift in Sources */,
				623A40D62C415CD000FB63C5 /* RegistraionView.swift in Sources */,
				62E8CCED2C2DA4A900ED69E8 /* ProfileView.swift in Sources */,
				62E8CCE92C2DA47D00ED69E8 /* BreathView.swift in Sources */,
				623A40D42C415C5F00FB63C5 /* LoginView.swift in Sources */,
				62B97D7C2C43D48000E0FB2B /* String.ext.swift in Sources */,
				6237E27A2C1896AD00F3CE36 /* SceneDelegate.swift in Sources */,
				623A40D82C415D5800FB63C5 /* UIView.ext.swift in Sources */,
			);
			runOnlyForDeploymentPostprocessing = 0;
		};
/* End PBXSourcesBuildPhase section */

/* Begin PBXVariantGroup section */
		6237E2852C1896AF00F3CE36 /* LaunchScreen.storyboard */ = {
			isa = PBXVariantGroup;
			children = (
				6237E2862C1896AF00F3CE36 /* Base */,
				62B97D792C43D47200E0FB2B /* ru */,
			);
			name = LaunchScreen.storyboard;
			sourceTree = "<group>";
		};
		62B97D762C43D46700E0FB2B /* Localizable.strings */ = {
			isa = PBXVariantGroup;
			children = (
				62B97D772C43D46700E0FB2B /* en */,
				62B97D7A2C43D47200E0FB2B /* ru */,
			);
			name = Localizable.strings;
			sourceTree = "<group>";
		};
/* End PBXVariantGroup section */

/* Begin XCBuildConfiguration section */
		6237E2892C1896AF00F3CE36 /* Debug */ = {
			isa = XCBuildConfiguration;
			buildSettings = {
				ALWAYS_SEARCH_USER_PATHS = NO;
				ASSETCATALOG_COMPILER_GENERATE_SWIFT_ASSET_SYMBOL_EXTENSIONS = YES;
				CLANG_ANALYZER_LOCALIZABILITY_NONLOCALIZED = YES;
				CLANG_ANALYZER_NONNULL = YES;
				CLANG_ANALYZER_NUMBER_OBJECT_CONVERSION = YES_AGGRESSIVE;
				CLANG_CXX_LANGUAGE_STANDARD = "gnu++20";
				CLANG_ENABLE_MODULES = YES;
				CLANG_ENABLE_OBJC_ARC = YES;
				CLANG_ENABLE_OBJC_WEAK = YES;
				CLANG_WARN_BLOCK_CAPTURE_AUTORELEASING = YES;
				CLANG_WARN_BOOL_CONVERSION = YES;
				CLANG_WARN_COMMA = YES;
				CLANG_WARN_CONSTANT_CONVERSION = YES;
				CLANG_WARN_DEPRECATED_OBJC_IMPLEMENTATIONS = YES;
				CLANG_WARN_DIRECT_OBJC_ISA_USAGE = YES_ERROR;
				CLANG_WARN_DOCUMENTATION_COMMENTS = YES;
				CLANG_WARN_EMPTY_BODY = YES;
				CLANG_WARN_ENUM_CONVERSION = YES;
				CLANG_WARN_INFINITE_RECURSION = YES;
				CLANG_WARN_INT_CONVERSION = YES;
				CLANG_WARN_NON_LITERAL_NULL_CONVERSION = YES;
				CLANG_WARN_OBJC_IMPLICIT_RETAIN_SELF = YES;
				CLANG_WARN_OBJC_LITERAL_CONVERSION = YES;
				CLANG_WARN_OBJC_ROOT_CLASS = YES_ERROR;
				CLANG_WARN_QUOTED_INCLUDE_IN_FRAMEWORK_HEADER = YES;
				CLANG_WARN_RANGE_LOOP_ANALYSIS = YES;
				CLANG_WARN_STRICT_PROTOTYPES = YES;
				CLANG_WARN_SUSPICIOUS_MOVE = YES;
				CLANG_WARN_UNGUARDED_AVAILABILITY = YES_AGGRESSIVE;
				CLANG_WARN_UNREACHABLE_CODE = YES;
				CLANG_WARN__DUPLICATE_METHOD_MATCH = YES;
				COPY_PHASE_STRIP = NO;
				DEBUG_INFORMATION_FORMAT = dwarf;
				ENABLE_STRICT_OBJC_MSGSEND = YES;
				ENABLE_TESTABILITY = YES;
				ENABLE_USER_SCRIPT_SANDBOXING = YES;
				GCC_C_LANGUAGE_STANDARD = gnu17;
				GCC_DYNAMIC_NO_PIC = NO;
				GCC_NO_COMMON_BLOCKS = YES;
				GCC_OPTIMIZATION_LEVEL = 0;
				GCC_PREPROCESSOR_DEFINITIONS = (
					"DEBUG=1",
					"$(inherited)",
				);
				GCC_WARN_64_TO_32_BIT_CONVERSION = YES;
				GCC_WARN_ABOUT_RETURN_TYPE = YES_ERROR;
				GCC_WARN_UNDECLARED_SELECTOR = YES;
				GCC_WARN_UNINITIALIZED_AUTOS = YES_AGGRESSIVE;
				GCC_WARN_UNUSED_FUNCTION = YES;
				GCC_WARN_UNUSED_VARIABLE = YES;
				IPHONEOS_DEPLOYMENT_TARGET = 17.1;
				LOCALIZATION_PREFERS_STRING_CATALOGS = YES;
				MTL_ENABLE_DEBUG_INFO = INCLUDE_SOURCE;
				MTL_FAST_MATH = YES;
				ONLY_ACTIVE_ARCH = YES;
				SDKROOT = iphoneos;
				SWIFT_ACTIVE_COMPILATION_CONDITIONS = "DEBUG $(inherited)";
				SWIFT_OPTIMIZATION_LEVEL = "-Onone";
			};
			name = Debug;
		};
		6237E28A2C1896AF00F3CE36 /* Release */ = {
			isa = XCBuildConfiguration;
			buildSettings = {
				ALWAYS_SEARCH_USER_PATHS = NO;
				ASSETCATALOG_COMPILER_GENERATE_SWIFT_ASSET_SYMBOL_EXTENSIONS = YES;
				CLANG_ANALYZER_LOCALIZABILITY_NONLOCALIZED = YES;
				CLANG_ANALYZER_NONNULL = YES;
				CLANG_ANALYZER_NUMBER_OBJECT_CONVERSION = YES_AGGRESSIVE;
				CLANG_CXX_LANGUAGE_STANDARD = "gnu++20";
				CLANG_ENABLE_MODULES = YES;
				CLANG_ENABLE_OBJC_ARC = YES;
				CLANG_ENABLE_OBJC_WEAK = YES;
				CLANG_WARN_BLOCK_CAPTURE_AUTORELEASING = YES;
				CLANG_WARN_BOOL_CONVERSION = YES;
				CLANG_WARN_COMMA = YES;
				CLANG_WARN_CONSTANT_CONVERSION = YES;
				CLANG_WARN_DEPRECATED_OBJC_IMPLEMENTATIONS = YES;
				CLANG_WARN_DIRECT_OBJC_ISA_USAGE = YES_ERROR;
				CLANG_WARN_DOCUMENTATION_COMMENTS = YES;
				CLANG_WARN_EMPTY_BODY = YES;
				CLANG_WARN_ENUM_CONVERSION = YES;
				CLANG_WARN_INFINITE_RECURSION = YES;
				CLANG_WARN_INT_CONVERSION = YES;
				CLANG_WARN_NON_LITERAL_NULL_CONVERSION = YES;
				CLANG_WARN_OBJC_IMPLICIT_RETAIN_SELF = YES;
				CLANG_WARN_OBJC_LITERAL_CONVERSION = YES;
				CLANG_WARN_OBJC_ROOT_CLASS = YES_ERROR;
				CLANG_WARN_QUOTED_INCLUDE_IN_FRAMEWORK_HEADER = YES;
				CLANG_WARN_RANGE_LOOP_ANALYSIS = YES;
				CLANG_WARN_STRICT_PROTOTYPES = YES;
				CLANG_WARN_SUSPICIOUS_MOVE = YES;
				CLANG_WARN_UNGUARDED_AVAILABILITY = YES_AGGRESSIVE;
				CLANG_WARN_UNREACHABLE_CODE = YES;
				CLANG_WARN__DUPLICATE_METHOD_MATCH = YES;
				COPY_PHASE_STRIP = NO;
				DEBUG_INFORMATION_FORMAT = "dwarf-with-dsym";
				ENABLE_NS_ASSERTIONS = NO;
				ENABLE_STRICT_OBJC_MSGSEND = YES;
				ENABLE_USER_SCRIPT_SANDBOXING = YES;
				GCC_C_LANGUAGE_STANDARD = gnu17;
				GCC_NO_COMMON_BLOCKS = YES;
				GCC_WARN_64_TO_32_BIT_CONVERSION = YES;
				GCC_WARN_ABOUT_RETURN_TYPE = YES_ERROR;
				GCC_WARN_UNDECLARED_SELECTOR = YES;
				GCC_WARN_UNINITIALIZED_AUTOS = YES_AGGRESSIVE;
				GCC_WARN_UNUSED_FUNCTION = YES;
				GCC_WARN_UNUSED_VARIABLE = YES;
				IPHONEOS_DEPLOYMENT_TARGET = 17.1;
				LOCALIZATION_PREFERS_STRING_CATALOGS = YES;
				MTL_ENABLE_DEBUG_INFO = NO;
				MTL_FAST_MATH = YES;
				SDKROOT = iphoneos;
				SWIFT_COMPILATION_MODE = wholemodule;
				VALIDATE_PRODUCT = YES;
			};
			name = Release;
		};
		6237E28C2C1896AF00F3CE36 /* Debug */ = {
			isa = XCBuildConfiguration;
			buildSettings = {
				ASSETCATALOG_COMPILER_APPICON_NAME = AppIcon;
				ASSETCATALOG_COMPILER_GLOBAL_ACCENT_COLOR_NAME = AccentColor;
				CODE_SIGN_STYLE = Automatic;
				CURRENT_PROJECT_VERSION = 1;
				DEVELOPMENT_TEAM = W2HCKKQTYD;
				GENERATE_INFOPLIST_FILE = YES;
				INFOPLIST_FILE = "Harmony Hub/Supporting Files/Info.plist";
				INFOPLIST_KEY_UIApplicationSupportsIndirectInputEvents = YES;
				INFOPLIST_KEY_UILaunchStoryboardName = LaunchScreen;
				INFOPLIST_KEY_UISupportedInterfaceOrientations = UIInterfaceOrientationPortrait;
				INFOPLIST_KEY_UISupportedInterfaceOrientations_iPad = "UIInterfaceOrientationLandscapeLeft UIInterfaceOrientationLandscapeRight UIInterfaceOrientationPortrait";
				INFOPLIST_KEY_UIUserInterfaceStyle = Light;
				IPHONEOS_DEPLOYMENT_TARGET = 17.1;
				LD_RUNPATH_SEARCH_PATHS = (
					"$(inherited)",
					"@executable_path/Frameworks",
				);
				MARKETING_VERSION = 1.0;
				PRODUCT_BUNDLE_IDENTIFIER = "com.pet-app.Harmony-Hub";
				PRODUCT_NAME = "$(TARGET_NAME)";
				SUPPORTED_PLATFORMS = "iphoneos iphonesimulator";
				SUPPORTS_MACCATALYST = NO;
				SUPPORTS_MAC_DESIGNED_FOR_IPHONE_IPAD = NO;
				SUPPORTS_XR_DESIGNED_FOR_IPHONE_IPAD = NO;
				SWIFT_EMIT_LOC_STRINGS = YES;
				SWIFT_VERSION = 5.0;
				TARGETED_DEVICE_FAMILY = "1,2";
			};
			name = Debug;
		};
		6237E28D2C1896AF00F3CE36 /* Release */ = {
			isa = XCBuildConfiguration;
			buildSettings = {
				ASSETCATALOG_COMPILER_APPICON_NAME = AppIcon;
				ASSETCATALOG_COMPILER_GLOBAL_ACCENT_COLOR_NAME = AccentColor;
				CODE_SIGN_STYLE = Automatic;
				CURRENT_PROJECT_VERSION = 1;
				DEVELOPMENT_TEAM = W2HCKKQTYD;
				GENERATE_INFOPLIST_FILE = YES;
				INFOPLIST_FILE = "Harmony Hub/Supporting Files/Info.plist";
				INFOPLIST_KEY_UIApplicationSupportsIndirectInputEvents = YES;
				INFOPLIST_KEY_UILaunchStoryboardName = LaunchScreen;
				INFOPLIST_KEY_UISupportedInterfaceOrientations = UIInterfaceOrientationPortrait;
				INFOPLIST_KEY_UISupportedInterfaceOrientations_iPad = "UIInterfaceOrientationLandscapeLeft UIInterfaceOrientationLandscapeRight UIInterfaceOrientationPortrait";
				INFOPLIST_KEY_UIUserInterfaceStyle = Light;
				IPHONEOS_DEPLOYMENT_TARGET = 17.1;
				LD_RUNPATH_SEARCH_PATHS = (
					"$(inherited)",
					"@executable_path/Frameworks",
				);
				MARKETING_VERSION = 1.0;
				PRODUCT_BUNDLE_IDENTIFIER = "com.pet-app.Harmony-Hub";
				PRODUCT_NAME = "$(TARGET_NAME)";
				SUPPORTED_PLATFORMS = "iphoneos iphonesimulator";
				SUPPORTS_MACCATALYST = NO;
				SUPPORTS_MAC_DESIGNED_FOR_IPHONE_IPAD = NO;
				SUPPORTS_XR_DESIGNED_FOR_IPHONE_IPAD = NO;
				SWIFT_EMIT_LOC_STRINGS = YES;
				SWIFT_VERSION = 5.0;
				TARGETED_DEVICE_FAMILY = "1,2";
			};
			name = Release;
		};
/* End XCBuildConfiguration section */

/* Begin XCConfigurationList section */
		6237E26F2C1896AD00F3CE36 /* Build configuration list for PBXProject "Harmony Hub" */ = {
			isa = XCConfigurationList;
			buildConfigurations = (
				6237E2892C1896AF00F3CE36 /* Debug */,
				6237E28A2C1896AF00F3CE36 /* Release */,
			);
			defaultConfigurationIsVisible = 0;
			defaultConfigurationName = Release;
		};
		6237E28B2C1896AF00F3CE36 /* Build configuration list for PBXNativeTarget "Harmony Hub" */ = {
			isa = XCConfigurationList;
			buildConfigurations = (
				6237E28C2C1896AF00F3CE36 /* Debug */,
				6237E28D2C1896AF00F3CE36 /* Release */,
			);
			defaultConfigurationIsVisible = 0;
			defaultConfigurationName = Release;
		};
/* End XCConfigurationList section */

/* Begin XCRemoteSwiftPackageReference section */
		6237E2932C189BB900F3CE36 /* XCRemoteSwiftPackageReference "firebase-ios-sdk" */ = {
			isa = XCRemoteSwiftPackageReference;
			repositoryURL = "https://github.com/firebase/firebase-ios-sdk";
			requirement = {
				kind = upToNextMajorVersion;
				minimumVersion = 10.27.0;
			};
		};
/* End XCRemoteSwiftPackageReference section */

/* Begin XCSwiftPackageProductDependency section */
		6237E2952C189CBB00F3CE36 /* FirebaseAuth */ = {
			isa = XCSwiftPackageProductDependency;
			package = 6237E2932C189BB900F3CE36 /* XCRemoteSwiftPackageReference "firebase-ios-sdk" */;
			productName = FirebaseAuth;
		};
		6237E2972C189CC200F3CE36 /* FirebaseDatabase */ = {
			isa = XCSwiftPackageProductDependency;
			package = 6237E2932C189BB900F3CE36 /* XCRemoteSwiftPackageReference "firebase-ios-sdk" */;
			productName = FirebaseDatabase;
		};
		6237E2992C189CC900F3CE36 /* FirebaseFirestore */ = {
			isa = XCSwiftPackageProductDependency;
			package = 6237E2932C189BB900F3CE36 /* XCRemoteSwiftPackageReference "firebase-ios-sdk" */;
			productName = FirebaseFirestore;
		};
		6237E29B2C189CD800F3CE36 /* FirebaseStorage */ = {
			isa = XCSwiftPackageProductDependency;
			package = 6237E2932C189BB900F3CE36 /* XCRemoteSwiftPackageReference "firebase-ios-sdk" */;
			productName = FirebaseStorage;
		};
/* End XCSwiftPackageProductDependency section */

/* Begin XCVersionGroup section */
		6237E2802C1896AD00F3CE36 /* Harmony_Hub.xcdatamodeld */ = {
			isa = XCVersionGroup;
			children = (
				6237E2812C1896AD00F3CE36 /* Harmony_Hub.xcdatamodel */,
			);
			currentVersion = 6237E2812C1896AD00F3CE36 /* Harmony_Hub.xcdatamodel */;
			path = Harmony_Hub.xcdatamodeld;
			sourceTree = "<group>";
			versionGroupType = wrapper.xcdatamodel;
		};
/* End XCVersionGroup section */
	};
	rootObject = 6237E26C2C1896AD00F3CE36 /* Project object */;
}
